// !$*UTF8*$!
{
	archiveVersion = 1;
	classes = {
	};
	objectVersion = 60;
	objects = {

/* Begin PBXBuildFile section */
		6A840DD42BBFEFFD00E5E8E3 /* ExceptionServiceInterface.swift in Sources */ = {isa = PBXBuildFile; fileRef = 6A840DD32BBFEFFD00E5E8E3 /* ExceptionServiceInterface.swift */; };
		6A840DD62BBFF00600E5E8E3 /* ExceptionService.swift in Sources */ = {isa = PBXBuildFile; fileRef = 6A840DD52BBFF00600E5E8E3 /* ExceptionService.swift */; };
		6A840DD82BC3DF7600E5E8E3 /* EmptyApiResponse.swift in Sources */ = {isa = PBXBuildFile; fileRef = 6A840DD72BC3DF7600E5E8E3 /* EmptyApiResponse.swift */; };
		6A840DDB2BC430C300E5E8E3 /* ExceptionManager.swift in Sources */ = {isa = PBXBuildFile; fileRef = 6A840DDA2BC430C300E5E8E3 /* ExceptionManager.swift */; };
		6A840DDD2BC430C900E5E8E3 /* ExceptionManagerInterface.swift in Sources */ = {isa = PBXBuildFile; fileRef = 6A840DDC2BC430C900E5E8E3 /* ExceptionManagerInterface.swift */; };
		707C06C52BB41C1B00E2597D /* QonversionAssembly.swift in Sources */ = {isa = PBXBuildFile; fileRef = 707C06762BB41C1B00E2597D /* QonversionAssembly.swift */; };
		707C06C62BB41C1B00E2597D /* ServicesAssembly.swift in Sources */ = {isa = PBXBuildFile; fileRef = 707C06772BB41C1B00E2597D /* ServicesAssembly.swift */; };
		707C06C72BB41C1B00E2597D /* Device.swift in Sources */ = {isa = PBXBuildFile; fileRef = 707C06792BB41C1B00E2597D /* Device.swift */; };
		707C06C82BB41C1B00E2597D /* DeviceInfoCollector.swift in Sources */ = {isa = PBXBuildFile; fileRef = 707C067A2BB41C1B00E2597D /* DeviceInfoCollector.swift */; };
		707C06C92BB41C1B00E2597D /* DeviceInfoCollectorInterface.swift in Sources */ = {isa = PBXBuildFile; fileRef = 707C067B2BB41C1B00E2597D /* DeviceInfoCollectorInterface.swift */; };
		707C06CA2BB41C1B00E2597D /* Transaction.swift in Sources */ = {isa = PBXBuildFile; fileRef = 707C067D2BB41C1B00E2597D /* Transaction.swift */; };
		707C06CB2BB41C1B00E2597D /* User.swift in Sources */ = {isa = PBXBuildFile; fileRef = 707C067E2BB41C1B00E2597D /* User.swift */; };
		707C06CC2BB41C1B00E2597D /* ErrorConstants.swift in Sources */ = {isa = PBXBuildFile; fileRef = 707C06802BB41C1B00E2597D /* ErrorConstants.swift */; };
		707C06CD2BB41C1B00E2597D /* QonversionError.swift in Sources */ = {isa = PBXBuildFile; fileRef = 707C06812BB41C1B00E2597D /* QonversionError.swift */; };
		707C06CE2BB41C1B00E2597D /* QonversionErrorType.swift in Sources */ = {isa = PBXBuildFile; fileRef = 707C06822BB41C1B00E2597D /* QonversionErrorType.swift */; };
		707C06CF2BB41C1B00E2597D /* Header.swift in Sources */ = {isa = PBXBuildFile; fileRef = 707C06842BB41C1B00E2597D /* Header.swift */; };
		707C06D02BB41C1B00E2597D /* HeadersBuilder.swift in Sources */ = {isa = PBXBuildFile; fileRef = 707C06852BB41C1B00E2597D /* HeadersBuilder.swift */; };
		707C06D12BB41C1B00E2597D /* HeadersBuilderInterface.swift in Sources */ = {isa = PBXBuildFile; fileRef = 707C06862BB41C1B00E2597D /* HeadersBuilderInterface.swift */; };
		707C06D22BB41C1B00E2597D /* NetworkErrorHandler.swift in Sources */ = {isa = PBXBuildFile; fileRef = 707C06882BB41C1B00E2597D /* NetworkErrorHandler.swift */; };
		707C06D32BB41C1B00E2597D /* NetworkErrorHandlerInterface.swift in Sources */ = {isa = PBXBuildFile; fileRef = 707C06892BB41C1B00E2597D /* NetworkErrorHandlerInterface.swift */; };
		707C06D42BB41C1B00E2597D /* NetworkProvider.swift in Sources */ = {isa = PBXBuildFile; fileRef = 707C068B2BB41C1B00E2597D /* NetworkProvider.swift */; };
		707C06D52BB41C1B00E2597D /* NetworkProviderInterface.swift in Sources */ = {isa = PBXBuildFile; fileRef = 707C068C2BB41C1B00E2597D /* NetworkProviderInterface.swift */; };
		707C06D62BB41C1B00E2597D /* RateLimiter.swift in Sources */ = {isa = PBXBuildFile; fileRef = 707C068E2BB41C1B00E2597D /* RateLimiter.swift */; };
		707C06D72BB41C1B00E2597D /* RateLimiterInterface.swift in Sources */ = {isa = PBXBuildFile; fileRef = 707C068F2BB41C1B00E2597D /* RateLimiterInterface.swift */; };
		707C06D82BB41C1B00E2597D /* Request.swift in Sources */ = {isa = PBXBuildFile; fileRef = 707C06912BB41C1B00E2597D /* Request.swift */; };
		707C06D92BB41C1B00E2597D /* RequestType.swift in Sources */ = {isa = PBXBuildFile; fileRef = 707C06922BB41C1B00E2597D /* RequestType.swift */; };
		707C06DA2BB41C1B00E2597D /* RequestProcessor.swift in Sources */ = {isa = PBXBuildFile; fileRef = 707C06942BB41C1B00E2597D /* RequestProcessor.swift */; };
		707C06DB2BB41C1B00E2597D /* RequestProcessorInterface.swift in Sources */ = {isa = PBXBuildFile; fileRef = 707C06952BB41C1B00E2597D /* RequestProcessorInterface.swift */; };
		707C06DC2BB41C1B00E2597D /* RequestsStorage.swift in Sources */ = {isa = PBXBuildFile; fileRef = 707C06972BB41C1B00E2597D /* RequestsStorage.swift */; };
		707C06DD2BB41C1B00E2597D /* RequestsStorageInterface.swift in Sources */ = {isa = PBXBuildFile; fileRef = 707C06982BB41C1B00E2597D /* RequestsStorageInterface.swift */; };
		707C06DE2BB41C1B00E2597D /* ResponseDecoder.swift in Sources */ = {isa = PBXBuildFile; fileRef = 707C069A2BB41C1B00E2597D /* ResponseDecoder.swift */; };
		707C06DF2BB41C1B00E2597D /* ResponseDecoderInterface.swift in Sources */ = {isa = PBXBuildFile; fileRef = 707C069B2BB41C1B00E2597D /* ResponseDecoderInterface.swift */; };
		707C06E02BB41C1B00E2597D /* LocalStorage.swift in Sources */ = {isa = PBXBuildFile; fileRef = 707C069E2BB41C1B00E2597D /* LocalStorage.swift */; };
		707C06E12BB41C1B00E2597D /* LocalStorageInterface.swift in Sources */ = {isa = PBXBuildFile; fileRef = 707C069F2BB41C1B00E2597D /* LocalStorageInterface.swift */; };
		707C06E22BB41C1B00E2597D /* UserService.swift in Sources */ = {isa = PBXBuildFile; fileRef = 707C06A22BB41C1B00E2597D /* UserService.swift */; };
		707C06E32BB41C1B00E2597D /* UserServiceInterface.swift in Sources */ = {isa = PBXBuildFile; fileRef = 707C06A32BB41C1B00E2597D /* UserServiceInterface.swift */; };
		707C06E42BB41C1B00E2597D /* StoreKitFacade.swift in Sources */ = {isa = PBXBuildFile; fileRef = 707C06A62BB41C1B00E2597D /* StoreKitFacade.swift */; };
		707C06E52BB41C1B00E2597D /* StoreKitFacadeInterface.swift in Sources */ = {isa = PBXBuildFile; fileRef = 707C06A72BB41C1B00E2597D /* StoreKitFacadeInterface.swift */; };
		707C06E62BB41C1B00E2597D /* StoreKitMapper.swift in Sources */ = {isa = PBXBuildFile; fileRef = 707C06A82BB41C1B00E2597D /* StoreKitMapper.swift */; };
		707C06E72BB41C1B00E2597D /* StoreKitMapperInterface.swift in Sources */ = {isa = PBXBuildFile; fileRef = 707C06A92BB41C1B00E2597D /* StoreKitMapperInterface.swift */; };
		707C06E82BB41C1B00E2597D /* StoreKitOldWrapper.swift in Sources */ = {isa = PBXBuildFile; fileRef = 707C06AA2BB41C1B00E2597D /* StoreKitOldWrapper.swift */; };
		707C06E92BB41C1B00E2597D /* StoreKitOldWrapperDelegate.swift in Sources */ = {isa = PBXBuildFile; fileRef = 707C06AB2BB41C1B00E2597D /* StoreKitOldWrapperDelegate.swift */; };
		707C06EA2BB41C1B00E2597D /* StoreKitOldWrapperInterface.swift in Sources */ = {isa = PBXBuildFile; fileRef = 707C06AC2BB41C1B00E2597D /* StoreKitOldWrapperInterface.swift */; };
		707C06EB2BB41C1B00E2597D /* StoreKitWrapper.swift in Sources */ = {isa = PBXBuildFile; fileRef = 707C06AD2BB41C1B00E2597D /* StoreKitWrapper.swift */; };
		707C06EC2BB41C1B00E2597D /* StoreKitWrapperDelegate.swift in Sources */ = {isa = PBXBuildFile; fileRef = 707C06AE2BB41C1B00E2597D /* StoreKitWrapperDelegate.swift */; };
		707C06ED2BB41C1B00E2597D /* StoreKitWrapperInterface.swift in Sources */ = {isa = PBXBuildFile; fileRef = 707C06AF2BB41C1B00E2597D /* StoreKitWrapperInterface.swift */; };
		707C06EE2BB41C1B00E2597D /* PropertiesStorage.swift in Sources */ = {isa = PBXBuildFile; fileRef = 707C06B12BB41C1B00E2597D /* PropertiesStorage.swift */; };
		707C06F02BB41C1B00E2597D /* UserProperties.swift in Sources */ = {isa = PBXBuildFile; fileRef = 707C06B32BB41C1B00E2597D /* UserProperties.swift */; };
		707C06F32BB41C1B00E2597D /* UserPropertiesStorage.swift in Sources */ = {isa = PBXBuildFile; fileRef = 707C06B62BB41C1B00E2597D /* UserPropertiesStorage.swift */; };
		707C06F42BB41C1B00E2597D /* UserProperty.swift in Sources */ = {isa = PBXBuildFile; fileRef = 707C06B72BB41C1B00E2597D /* UserProperty.swift */; };
		707C06F52BB41C1B00E2597D /* UserPropertyKey.swift in Sources */ = {isa = PBXBuildFile; fileRef = 707C06B82BB41C1B00E2597D /* UserPropertyKey.swift */; };
		707C06F62BB41C1B00E2597D /* ConcurrencyExtensions.swift in Sources */ = {isa = PBXBuildFile; fileRef = 707C06BA2BB41C1B00E2597D /* ConcurrencyExtensions.swift */; };
		707C06F72BB41C1B00E2597D /* IncrementalDelayCalculator.swift in Sources */ = {isa = PBXBuildFile; fileRef = 707C06BB2BB41C1B00E2597D /* IncrementalDelayCalculator.swift */; };
		707C06F82BB41C1B00E2597D /* Utils.swift in Sources */ = {isa = PBXBuildFile; fileRef = 707C06BC2BB41C1B00E2597D /* Utils.swift */; };
		707C06F92BB41C1B00E2597D /* InternalConfig.swift in Sources */ = {isa = PBXBuildFile; fileRef = 707C06BE2BB41C1B00E2597D /* InternalConfig.swift */; };
		707C06FA2BB41C1B00E2597D /* Qonversion.docc in Sources */ = {isa = PBXBuildFile; fileRef = 707C06BF2BB41C1B00E2597D /* Qonversion.docc */; };
		707C06FB2BB41C1B00E2597D /* Qonversion.h in Headers */ = {isa = PBXBuildFile; fileRef = 707C06C02BB41C1B00E2597D /* Qonversion.h */; };
		707C06FC2BB41C1B00E2597D /* Qonversion.swift in Sources */ = {isa = PBXBuildFile; fileRef = 707C06C12BB41C1B00E2597D /* Qonversion.swift */; };
		707C06FD2BB41C1B00E2597D /* StorageConstants.swift in Sources */ = {isa = PBXBuildFile; fileRef = 707C06C22BB41C1B00E2597D /* StorageConstants.swift */; };
		707C06FE2BB41C1B00E2597D /* TemporaryFactory.swift in Sources */ = {isa = PBXBuildFile; fileRef = 707C06C32BB41C1B00E2597D /* TemporaryFactory.swift */; };
		707C07002BB47D7500E2597D /* MiscAssembly.swift in Sources */ = {isa = PBXBuildFile; fileRef = 707C06FF2BB47D7500E2597D /* MiscAssembly.swift */; };
		707C07022BB5B59800E2597D /* LoggerWrapper.swift in Sources */ = {isa = PBXBuildFile; fileRef = 707C07012BB5B59800E2597D /* LoggerWrapper.swift */; };
		707C07042BB5C6DC00E2597D /* LaunchMode.swift in Sources */ = {isa = PBXBuildFile; fileRef = 707C07032BB5C6DC00E2597D /* LaunchMode.swift */; };
		707C07062BB5C76300E2597D /* Configuration.swift in Sources */ = {isa = PBXBuildFile; fileRef = 707C07052BB5C76300E2597D /* Configuration.swift */; };
		70B1D8FE2BBC06F6009017EC /* DeviceServiceInterface.swift in Sources */ = {isa = PBXBuildFile; fileRef = 70B1D8FD2BBC06F6009017EC /* DeviceServiceInterface.swift */; };
		70B1D9002BBC0705009017EC /* DeviceService.swift in Sources */ = {isa = PBXBuildFile; fileRef = 70B1D8FF2BBC0705009017EC /* DeviceService.swift */; };
		70B1D9072BBC10A4009017EC /* SendUserPropertiesResult.swift in Sources */ = {isa = PBXBuildFile; fileRef = 70B1D9022BBC10A4009017EC /* SendUserPropertiesResult.swift */; };
		70B1D9082BBC10A4009017EC /* UserPropertiesManager.swift in Sources */ = {isa = PBXBuildFile; fileRef = 70B1D9032BBC10A4009017EC /* UserPropertiesManager.swift */; };
		70B1D9092BBC10A4009017EC /* UserPropertiesManagerInterface.swift in Sources */ = {isa = PBXBuildFile; fileRef = 70B1D9042BBC10A4009017EC /* UserPropertiesManagerInterface.swift */; };
		70B1D90C2BBC10C0009017EC /* DeviceManager.swift in Sources */ = {isa = PBXBuildFile; fileRef = 70B1D90B2BBC10C0009017EC /* DeviceManager.swift */; };
		70B1D90E2BBC10CB009017EC /* DeviceManagerInterface.swift in Sources */ = {isa = PBXBuildFile; fileRef = 70B1D90D2BBC10CB009017EC /* DeviceManagerInterface.swift */; };
		70D876CF2B8634230059AA2B /* StoreKit.framework in Frameworks */ = {isa = PBXBuildFile; fileRef = 70D876CE2B8634230059AA2B /* StoreKit.framework */; };
		70D877122B8F4E5E0059AA2B /* AppDelegate.swift in Sources */ = {isa = PBXBuildFile; fileRef = 70D877112B8F4E5E0059AA2B /* AppDelegate.swift */; };
		70D877142B8F4E5E0059AA2B /* SceneDelegate.swift in Sources */ = {isa = PBXBuildFile; fileRef = 70D877132B8F4E5E0059AA2B /* SceneDelegate.swift */; };
		70D877162B8F4E5E0059AA2B /* ViewController.swift in Sources */ = {isa = PBXBuildFile; fileRef = 70D877152B8F4E5E0059AA2B /* ViewController.swift */; };
		70D877192B8F4E5E0059AA2B /* Main.storyboard in Resources */ = {isa = PBXBuildFile; fileRef = 70D877172B8F4E5E0059AA2B /* Main.storyboard */; };
		70D8771B2B8F4E5F0059AA2B /* Assets.xcassets in Resources */ = {isa = PBXBuildFile; fileRef = 70D8771A2B8F4E5F0059AA2B /* Assets.xcassets */; };
		70D8771E2B8F4E5F0059AA2B /* LaunchScreen.storyboard in Resources */ = {isa = PBXBuildFile; fileRef = 70D8771C2B8F4E5F0059AA2B /* LaunchScreen.storyboard */; };
		70D877232B8F5B370059AA2B /* Qonversion.framework in Frameworks */ = {isa = PBXBuildFile; fileRef = 70F163A22B6D0D3D00033BEF /* Qonversion.framework */; };
		70D877242B8F5B370059AA2B /* Qonversion.framework in Embed Frameworks */ = {isa = PBXBuildFile; fileRef = 70F163A22B6D0D3D00033BEF /* Qonversion.framework */; settings = {ATTRIBUTES = (CodeSignOnCopy, RemoveHeadersOnCopy, ); }; };
/* End PBXBuildFile section */

/* Begin PBXContainerItemProxy section */
		70D877252B8F5B370059AA2B /* PBXContainerItemProxy */ = {
			isa = PBXContainerItemProxy;
			containerPortal = 70F163992B6D0D3D00033BEF /* Project object */;
			proxyType = 1;
			remoteGlobalIDString = 70F163A12B6D0D3D00033BEF;
			remoteInfo = Qonversion;
		};
/* End PBXContainerItemProxy section */

/* Begin PBXCopyFilesBuildPhase section */
		70D877272B8F5B370059AA2B /* Embed Frameworks */ = {
			isa = PBXCopyFilesBuildPhase;
			buildActionMask = 2147483647;
			dstPath = "";
			dstSubfolderSpec = 10;
			files = (
				70D877242B8F5B370059AA2B /* Qonversion.framework in Embed Frameworks */,
			);
			name = "Embed Frameworks";
			runOnlyForDeploymentPostprocessing = 0;
		};
/* End PBXCopyFilesBuildPhase section */

/* Begin PBXFileReference section */
		6A840DD32BBFEFFD00E5E8E3 /* ExceptionServiceInterface.swift */ = {isa = PBXFileReference; lastKnownFileType = sourcecode.swift; path = ExceptionServiceInterface.swift; sourceTree = "<group>"; };
		6A840DD52BBFF00600E5E8E3 /* ExceptionService.swift */ = {isa = PBXFileReference; lastKnownFileType = sourcecode.swift; path = ExceptionService.swift; sourceTree = "<group>"; };
		6A840DD72BC3DF7600E5E8E3 /* EmptyApiResponse.swift */ = {isa = PBXFileReference; lastKnownFileType = sourcecode.swift; path = EmptyApiResponse.swift; sourceTree = "<group>"; };
		6A840DDA2BC430C300E5E8E3 /* ExceptionManager.swift */ = {isa = PBXFileReference; lastKnownFileType = sourcecode.swift; path = ExceptionManager.swift; sourceTree = "<group>"; };
		6A840DDC2BC430C900E5E8E3 /* ExceptionManagerInterface.swift */ = {isa = PBXFileReference; lastKnownFileType = sourcecode.swift; path = ExceptionManagerInterface.swift; sourceTree = "<group>"; };
		6ABCBDF42B8CE268003DB107 /* PropertiesStorage.swift */ = {isa = PBXFileReference; lastKnownFileType = sourcecode.swift; path = PropertiesStorage.swift; sourceTree = "<group>"; };
		6ABCBDF62B8CE298003DB107 /* UserPropertiesStorage.swift */ = {isa = PBXFileReference; lastKnownFileType = sourcecode.swift; path = UserPropertiesStorage.swift; sourceTree = "<group>"; };
		6ABCBDF82B8DD7A2003DB107 /* SendUserPropertiesResult.swift */ = {isa = PBXFileReference; lastKnownFileType = sourcecode.swift; path = SendUserPropertiesResult.swift; sourceTree = "<group>"; };
		707C06762BB41C1B00E2597D /* QonversionAssembly.swift */ = {isa = PBXFileReference; fileEncoding = 4; lastKnownFileType = sourcecode.swift; path = QonversionAssembly.swift; sourceTree = "<group>"; };
		707C06772BB41C1B00E2597D /* ServicesAssembly.swift */ = {isa = PBXFileReference; fileEncoding = 4; lastKnownFileType = sourcecode.swift; path = ServicesAssembly.swift; sourceTree = "<group>"; };
		707C06792BB41C1B00E2597D /* Device.swift */ = {isa = PBXFileReference; fileEncoding = 4; lastKnownFileType = sourcecode.swift; path = Device.swift; sourceTree = "<group>"; };
		707C067A2BB41C1B00E2597D /* DeviceInfoCollector.swift */ = {isa = PBXFileReference; fileEncoding = 4; lastKnownFileType = sourcecode.swift; path = DeviceInfoCollector.swift; sourceTree = "<group>"; };
		707C067B2BB41C1B00E2597D /* DeviceInfoCollectorInterface.swift */ = {isa = PBXFileReference; fileEncoding = 4; lastKnownFileType = sourcecode.swift; path = DeviceInfoCollectorInterface.swift; sourceTree = "<group>"; };
		707C067D2BB41C1B00E2597D /* Transaction.swift */ = {isa = PBXFileReference; fileEncoding = 4; lastKnownFileType = sourcecode.swift; path = Transaction.swift; sourceTree = "<group>"; };
		707C067E2BB41C1B00E2597D /* User.swift */ = {isa = PBXFileReference; fileEncoding = 4; lastKnownFileType = sourcecode.swift; path = User.swift; sourceTree = "<group>"; };
		707C06802BB41C1B00E2597D /* ErrorConstants.swift */ = {isa = PBXFileReference; fileEncoding = 4; lastKnownFileType = sourcecode.swift; path = ErrorConstants.swift; sourceTree = "<group>"; };
		707C06812BB41C1B00E2597D /* QonversionError.swift */ = {isa = PBXFileReference; fileEncoding = 4; lastKnownFileType = sourcecode.swift; path = QonversionError.swift; sourceTree = "<group>"; };
		707C06822BB41C1B00E2597D /* QonversionErrorType.swift */ = {isa = PBXFileReference; fileEncoding = 4; lastKnownFileType = sourcecode.swift; path = QonversionErrorType.swift; sourceTree = "<group>"; };
		707C06842BB41C1B00E2597D /* Header.swift */ = {isa = PBXFileReference; fileEncoding = 4; lastKnownFileType = sourcecode.swift; path = Header.swift; sourceTree = "<group>"; };
		707C06852BB41C1B00E2597D /* HeadersBuilder.swift */ = {isa = PBXFileReference; fileEncoding = 4; lastKnownFileType = sourcecode.swift; path = HeadersBuilder.swift; sourceTree = "<group>"; };
		707C06862BB41C1B00E2597D /* HeadersBuilderInterface.swift */ = {isa = PBXFileReference; fileEncoding = 4; lastKnownFileType = sourcecode.swift; path = HeadersBuilderInterface.swift; sourceTree = "<group>"; };
		707C06882BB41C1B00E2597D /* NetworkErrorHandler.swift */ = {isa = PBXFileReference; fileEncoding = 4; lastKnownFileType = sourcecode.swift; path = NetworkErrorHandler.swift; sourceTree = "<group>"; };
		707C06892BB41C1B00E2597D /* NetworkErrorHandlerInterface.swift */ = {isa = PBXFileReference; fileEncoding = 4; lastKnownFileType = sourcecode.swift; path = NetworkErrorHandlerInterface.swift; sourceTree = "<group>"; };
		707C068B2BB41C1B00E2597D /* NetworkProvider.swift */ = {isa = PBXFileReference; fileEncoding = 4; lastKnownFileType = sourcecode.swift; path = NetworkProvider.swift; sourceTree = "<group>"; };
		707C068C2BB41C1B00E2597D /* NetworkProviderInterface.swift */ = {isa = PBXFileReference; fileEncoding = 4; lastKnownFileType = sourcecode.swift; path = NetworkProviderInterface.swift; sourceTree = "<group>"; };
		707C068E2BB41C1B00E2597D /* RateLimiter.swift */ = {isa = PBXFileReference; fileEncoding = 4; lastKnownFileType = sourcecode.swift; path = RateLimiter.swift; sourceTree = "<group>"; };
		707C068F2BB41C1B00E2597D /* RateLimiterInterface.swift */ = {isa = PBXFileReference; fileEncoding = 4; lastKnownFileType = sourcecode.swift; path = RateLimiterInterface.swift; sourceTree = "<group>"; };
		707C06912BB41C1B00E2597D /* Request.swift */ = {isa = PBXFileReference; fileEncoding = 4; lastKnownFileType = sourcecode.swift; path = Request.swift; sourceTree = "<group>"; };
		707C06922BB41C1B00E2597D /* RequestType.swift */ = {isa = PBXFileReference; fileEncoding = 4; lastKnownFileType = sourcecode.swift; path = RequestType.swift; sourceTree = "<group>"; };
		707C06942BB41C1B00E2597D /* RequestProcessor.swift */ = {isa = PBXFileReference; fileEncoding = 4; lastKnownFileType = sourcecode.swift; path = RequestProcessor.swift; sourceTree = "<group>"; };
		707C06952BB41C1B00E2597D /* RequestProcessorInterface.swift */ = {isa = PBXFileReference; fileEncoding = 4; lastKnownFileType = sourcecode.swift; path = RequestProcessorInterface.swift; sourceTree = "<group>"; };
		707C06972BB41C1B00E2597D /* RequestsStorage.swift */ = {isa = PBXFileReference; fileEncoding = 4; lastKnownFileType = sourcecode.swift; path = RequestsStorage.swift; sourceTree = "<group>"; };
		707C06982BB41C1B00E2597D /* RequestsStorageInterface.swift */ = {isa = PBXFileReference; fileEncoding = 4; lastKnownFileType = sourcecode.swift; path = RequestsStorageInterface.swift; sourceTree = "<group>"; };
		707C069A2BB41C1B00E2597D /* ResponseDecoder.swift */ = {isa = PBXFileReference; fileEncoding = 4; lastKnownFileType = sourcecode.swift; path = ResponseDecoder.swift; sourceTree = "<group>"; };
		707C069B2BB41C1B00E2597D /* ResponseDecoderInterface.swift */ = {isa = PBXFileReference; fileEncoding = 4; lastKnownFileType = sourcecode.swift; path = ResponseDecoderInterface.swift; sourceTree = "<group>"; };
		707C069E2BB41C1B00E2597D /* LocalStorage.swift */ = {isa = PBXFileReference; fileEncoding = 4; lastKnownFileType = sourcecode.swift; path = LocalStorage.swift; sourceTree = "<group>"; };
		707C069F2BB41C1B00E2597D /* LocalStorageInterface.swift */ = {isa = PBXFileReference; fileEncoding = 4; lastKnownFileType = sourcecode.swift; path = LocalStorageInterface.swift; sourceTree = "<group>"; };
		707C06A22BB41C1B00E2597D /* UserService.swift */ = {isa = PBXFileReference; fileEncoding = 4; lastKnownFileType = sourcecode.swift; path = UserService.swift; sourceTree = "<group>"; };
		707C06A32BB41C1B00E2597D /* UserServiceInterface.swift */ = {isa = PBXFileReference; fileEncoding = 4; lastKnownFileType = sourcecode.swift; path = UserServiceInterface.swift; sourceTree = "<group>"; };
		707C06A62BB41C1B00E2597D /* StoreKitFacade.swift */ = {isa = PBXFileReference; fileEncoding = 4; lastKnownFileType = sourcecode.swift; path = StoreKitFacade.swift; sourceTree = "<group>"; };
		707C06A72BB41C1B00E2597D /* StoreKitFacadeInterface.swift */ = {isa = PBXFileReference; fileEncoding = 4; lastKnownFileType = sourcecode.swift; path = StoreKitFacadeInterface.swift; sourceTree = "<group>"; };
		707C06A82BB41C1B00E2597D /* StoreKitMapper.swift */ = {isa = PBXFileReference; fileEncoding = 4; lastKnownFileType = sourcecode.swift; path = StoreKitMapper.swift; sourceTree = "<group>"; };
		707C06A92BB41C1B00E2597D /* StoreKitMapperInterface.swift */ = {isa = PBXFileReference; fileEncoding = 4; lastKnownFileType = sourcecode.swift; path = StoreKitMapperInterface.swift; sourceTree = "<group>"; };
		707C06AA2BB41C1B00E2597D /* StoreKitOldWrapper.swift */ = {isa = PBXFileReference; fileEncoding = 4; lastKnownFileType = sourcecode.swift; path = StoreKitOldWrapper.swift; sourceTree = "<group>"; };
		707C06AB2BB41C1B00E2597D /* StoreKitOldWrapperDelegate.swift */ = {isa = PBXFileReference; fileEncoding = 4; lastKnownFileType = sourcecode.swift; path = StoreKitOldWrapperDelegate.swift; sourceTree = "<group>"; };
		707C06AC2BB41C1B00E2597D /* StoreKitOldWrapperInterface.swift */ = {isa = PBXFileReference; fileEncoding = 4; lastKnownFileType = sourcecode.swift; path = StoreKitOldWrapperInterface.swift; sourceTree = "<group>"; };
		707C06AD2BB41C1B00E2597D /* StoreKitWrapper.swift */ = {isa = PBXFileReference; fileEncoding = 4; lastKnownFileType = sourcecode.swift; path = StoreKitWrapper.swift; sourceTree = "<group>"; };
		707C06AE2BB41C1B00E2597D /* StoreKitWrapperDelegate.swift */ = {isa = PBXFileReference; fileEncoding = 4; lastKnownFileType = sourcecode.swift; path = StoreKitWrapperDelegate.swift; sourceTree = "<group>"; };
		707C06AF2BB41C1B00E2597D /* StoreKitWrapperInterface.swift */ = {isa = PBXFileReference; fileEncoding = 4; lastKnownFileType = sourcecode.swift; path = StoreKitWrapperInterface.swift; sourceTree = "<group>"; };
		707C06B12BB41C1B00E2597D /* PropertiesStorage.swift */ = {isa = PBXFileReference; fileEncoding = 4; lastKnownFileType = sourcecode.swift; path = PropertiesStorage.swift; sourceTree = "<group>"; };
		707C06B32BB41C1B00E2597D /* UserProperties.swift */ = {isa = PBXFileReference; fileEncoding = 4; lastKnownFileType = sourcecode.swift; path = UserProperties.swift; sourceTree = "<group>"; };
		707C06B62BB41C1B00E2597D /* UserPropertiesStorage.swift */ = {isa = PBXFileReference; fileEncoding = 4; lastKnownFileType = sourcecode.swift; path = UserPropertiesStorage.swift; sourceTree = "<group>"; };
		707C06B72BB41C1B00E2597D /* UserProperty.swift */ = {isa = PBXFileReference; fileEncoding = 4; lastKnownFileType = sourcecode.swift; path = UserProperty.swift; sourceTree = "<group>"; };
		707C06B82BB41C1B00E2597D /* UserPropertyKey.swift */ = {isa = PBXFileReference; fileEncoding = 4; lastKnownFileType = sourcecode.swift; path = UserPropertyKey.swift; sourceTree = "<group>"; };
		707C06BA2BB41C1B00E2597D /* ConcurrencyExtensions.swift */ = {isa = PBXFileReference; fileEncoding = 4; lastKnownFileType = sourcecode.swift; path = ConcurrencyExtensions.swift; sourceTree = "<group>"; };
		707C06BB2BB41C1B00E2597D /* IncrementalDelayCalculator.swift */ = {isa = PBXFileReference; fileEncoding = 4; lastKnownFileType = sourcecode.swift; path = IncrementalDelayCalculator.swift; sourceTree = "<group>"; };
		707C06BC2BB41C1B00E2597D /* Utils.swift */ = {isa = PBXFileReference; fileEncoding = 4; lastKnownFileType = sourcecode.swift; path = Utils.swift; sourceTree = "<group>"; };
		707C06BE2BB41C1B00E2597D /* InternalConfig.swift */ = {isa = PBXFileReference; fileEncoding = 4; lastKnownFileType = sourcecode.swift; path = InternalConfig.swift; sourceTree = "<group>"; };
		707C06BF2BB41C1B00E2597D /* Qonversion.docc */ = {isa = PBXFileReference; lastKnownFileType = folder.documentationcatalog; path = Qonversion.docc; sourceTree = "<group>"; };
		707C06C02BB41C1B00E2597D /* Qonversion.h */ = {isa = PBXFileReference; fileEncoding = 4; lastKnownFileType = sourcecode.c.h; path = Qonversion.h; sourceTree = "<group>"; };
		707C06C12BB41C1B00E2597D /* Qonversion.swift */ = {isa = PBXFileReference; fileEncoding = 4; lastKnownFileType = sourcecode.swift; path = Qonversion.swift; sourceTree = "<group>"; };
		707C06C22BB41C1B00E2597D /* StorageConstants.swift */ = {isa = PBXFileReference; fileEncoding = 4; lastKnownFileType = sourcecode.swift; path = StorageConstants.swift; sourceTree = "<group>"; };
		707C06C32BB41C1B00E2597D /* TemporaryFactory.swift */ = {isa = PBXFileReference; fileEncoding = 4; lastKnownFileType = sourcecode.swift; path = TemporaryFactory.swift; sourceTree = "<group>"; };
		707C06FF2BB47D7500E2597D /* MiscAssembly.swift */ = {isa = PBXFileReference; lastKnownFileType = sourcecode.swift; path = MiscAssembly.swift; sourceTree = "<group>"; };
		707C07012BB5B59800E2597D /* LoggerWrapper.swift */ = {isa = PBXFileReference; fileEncoding = 4; lastKnownFileType = sourcecode.swift; path = LoggerWrapper.swift; sourceTree = "<group>"; };
		707C07032BB5C6DC00E2597D /* LaunchMode.swift */ = {isa = PBXFileReference; lastKnownFileType = sourcecode.swift; path = LaunchMode.swift; sourceTree = "<group>"; };
		707C07052BB5C76300E2597D /* Configuration.swift */ = {isa = PBXFileReference; lastKnownFileType = sourcecode.swift; path = Configuration.swift; sourceTree = "<group>"; };
		70B1D8FD2BBC06F6009017EC /* DeviceServiceInterface.swift */ = {isa = PBXFileReference; lastKnownFileType = sourcecode.swift; path = DeviceServiceInterface.swift; sourceTree = "<group>"; };
		70B1D8FF2BBC0705009017EC /* DeviceService.swift */ = {isa = PBXFileReference; lastKnownFileType = sourcecode.swift; path = DeviceService.swift; sourceTree = "<group>"; };
		70B1D9022BBC10A4009017EC /* SendUserPropertiesResult.swift */ = {isa = PBXFileReference; fileEncoding = 4; lastKnownFileType = sourcecode.swift; path = SendUserPropertiesResult.swift; sourceTree = "<group>"; };
		70B1D9032BBC10A4009017EC /* UserPropertiesManager.swift */ = {isa = PBXFileReference; fileEncoding = 4; lastKnownFileType = sourcecode.swift; path = UserPropertiesManager.swift; sourceTree = "<group>"; };
		70B1D9042BBC10A4009017EC /* UserPropertiesManagerInterface.swift */ = {isa = PBXFileReference; fileEncoding = 4; lastKnownFileType = sourcecode.swift; path = UserPropertiesManagerInterface.swift; sourceTree = "<group>"; };
		70B1D90B2BBC10C0009017EC /* DeviceManager.swift */ = {isa = PBXFileReference; lastKnownFileType = sourcecode.swift; path = DeviceManager.swift; sourceTree = "<group>"; };
		70B1D90D2BBC10CB009017EC /* DeviceManagerInterface.swift */ = {isa = PBXFileReference; lastKnownFileType = sourcecode.swift; path = DeviceManagerInterface.swift; sourceTree = "<group>"; };
		70D876CE2B8634230059AA2B /* StoreKit.framework */ = {isa = PBXFileReference; lastKnownFileType = wrapper.framework; name = StoreKit.framework; path = Platforms/MacOSX.platform/Developer/SDKs/MacOSX14.2.sdk/System/iOSSupport/System/Library/Frameworks/StoreKit.framework; sourceTree = DEVELOPER_DIR; };
		70D8770F2B8F4E5E0059AA2B /* Sample.app */ = {isa = PBXFileReference; explicitFileType = wrapper.application; includeInIndex = 0; path = Sample.app; sourceTree = BUILT_PRODUCTS_DIR; };
		70D877112B8F4E5E0059AA2B /* AppDelegate.swift */ = {isa = PBXFileReference; lastKnownFileType = sourcecode.swift; path = AppDelegate.swift; sourceTree = "<group>"; };
		70D877132B8F4E5E0059AA2B /* SceneDelegate.swift */ = {isa = PBXFileReference; lastKnownFileType = sourcecode.swift; path = SceneDelegate.swift; sourceTree = "<group>"; };
		70D877152B8F4E5E0059AA2B /* ViewController.swift */ = {isa = PBXFileReference; lastKnownFileType = sourcecode.swift; path = ViewController.swift; sourceTree = "<group>"; };
		70D877182B8F4E5E0059AA2B /* Base */ = {isa = PBXFileReference; lastKnownFileType = file.storyboard; name = Base; path = Base.lproj/Main.storyboard; sourceTree = "<group>"; };
		70D8771A2B8F4E5F0059AA2B /* Assets.xcassets */ = {isa = PBXFileReference; lastKnownFileType = folder.assetcatalog; path = Assets.xcassets; sourceTree = "<group>"; };
		70D8771D2B8F4E5F0059AA2B /* Base */ = {isa = PBXFileReference; lastKnownFileType = file.storyboard; name = Base; path = Base.lproj/LaunchScreen.storyboard; sourceTree = "<group>"; };
		70D8771F2B8F4E5F0059AA2B /* Info.plist */ = {isa = PBXFileReference; lastKnownFileType = text.plist.xml; path = Info.plist; sourceTree = "<group>"; };
		70D877732B9E338C0059AA2B /* UserServiceInterface.swift */ = {isa = PBXFileReference; lastKnownFileType = sourcecode.swift; path = UserServiceInterface.swift; sourceTree = "<group>"; };
		70D877752B9E33950059AA2B /* UserService.swift */ = {isa = PBXFileReference; lastKnownFileType = sourcecode.swift; path = UserService.swift; sourceTree = "<group>"; };
		70D8777F2B9F96080059AA2B /* LocalStorageInterface.swift */ = {isa = PBXFileReference; lastKnownFileType = sourcecode.swift; path = LocalStorageInterface.swift; sourceTree = "<group>"; };
		70D877812B9F960E0059AA2B /* LocalStorage.swift */ = {isa = PBXFileReference; lastKnownFileType = sourcecode.swift; path = LocalStorage.swift; sourceTree = "<group>"; };
		70D877842BA0E4540059AA2B /* Transaction.swift */ = {isa = PBXFileReference; fileEncoding = 4; lastKnownFileType = sourcecode.swift; path = Transaction.swift; sourceTree = "<group>"; };
		70D877872BA19B080059AA2B /* QonversionAssembly.swift */ = {isa = PBXFileReference; lastKnownFileType = sourcecode.swift; path = QonversionAssembly.swift; sourceTree = "<group>"; };
		70D877892BA19B100059AA2B /* ServicesAssembly.swift */ = {isa = PBXFileReference; lastKnownFileType = sourcecode.swift; path = ServicesAssembly.swift; sourceTree = "<group>"; };
		70F163A22B6D0D3D00033BEF /* Qonversion.framework */ = {isa = PBXFileReference; explicitFileType = wrapper.framework; includeInIndex = 0; path = Qonversion.framework; sourceTree = BUILT_PRODUCTS_DIR; };
/* End PBXFileReference section */

/* Begin PBXFrameworksBuildPhase section */
		70D8770C2B8F4E5E0059AA2B /* Frameworks */ = {
			isa = PBXFrameworksBuildPhase;
			buildActionMask = 2147483647;
			files = (
				70D877232B8F5B370059AA2B /* Qonversion.framework in Frameworks */,
			);
			runOnlyForDeploymentPostprocessing = 0;
		};
		70F1639F2B6D0D3D00033BEF /* Frameworks */ = {
			isa = PBXFrameworksBuildPhase;
			buildActionMask = 2147483647;
			files = (
				70D876CF2B8634230059AA2B /* StoreKit.framework in Frameworks */,
			);
			runOnlyForDeploymentPostprocessing = 0;
		};
/* End PBXFrameworksBuildPhase section */

/* Begin PBXGroup section */
		6A840DD02BBFEF5E00E5E8E3 /* ExceptionService */ = {
			isa = PBXGroup;
			children = (
				6A840DD32BBFEFFD00E5E8E3 /* ExceptionServiceInterface.swift */,
				6A840DD52BBFF00600E5E8E3 /* ExceptionService.swift */,
			);
			path = ExceptionService;
			sourceTree = "<group>";
		};
		6A840DD92BC430B500E5E8E3 /* Exception */ = {
			isa = PBXGroup;
			children = (
				6A840DDA2BC430C300E5E8E3 /* ExceptionManager.swift */,
				6A840DDC2BC430C900E5E8E3 /* ExceptionManagerInterface.swift */,
			);
			path = Exception;
			sourceTree = "<group>";
		};
		6ABCBE0F2B91C86D003DB107 /* Recovered References */ = {
			isa = PBXGroup;
			children = (
				6ABCBDF62B8CE298003DB107 /* UserPropertiesStorage.swift */,
				6ABCBDF82B8DD7A2003DB107 /* SendUserPropertiesResult.swift */,
				6ABCBDF42B8CE268003DB107 /* PropertiesStorage.swift */,
				70D8777F2B9F96080059AA2B /* LocalStorageInterface.swift */,
				70D877732B9E338C0059AA2B /* UserServiceInterface.swift */,
				70D877892BA19B100059AA2B /* ServicesAssembly.swift */,
				70D877752B9E33950059AA2B /* UserService.swift */,
				70D877842BA0E4540059AA2B /* Transaction.swift */,
				70D877812B9F960E0059AA2B /* LocalStorage.swift */,
				70D877872BA19B080059AA2B /* QonversionAssembly.swift */,
			);
			name = "Recovered References";
			sourceTree = "<group>";
		};
		707C06782BB41C1B00E2597D /* Assemblies */ = {
			isa = PBXGroup;
			children = (
				707C06762BB41C1B00E2597D /* QonversionAssembly.swift */,
				707C06FF2BB47D7500E2597D /* MiscAssembly.swift */,
				707C06772BB41C1B00E2597D /* ServicesAssembly.swift */,
			);
			path = Assemblies;
			sourceTree = "<group>";
		};
		707C067C2BB41C1B00E2597D /* Device */ = {
			isa = PBXGroup;
			children = (
				707C067A2BB41C1B00E2597D /* DeviceInfoCollector.swift */,
				707C067B2BB41C1B00E2597D /* DeviceInfoCollectorInterface.swift */,
				70B1D8FD2BBC06F6009017EC /* DeviceServiceInterface.swift */,
				70B1D8FF2BBC0705009017EC /* DeviceService.swift */,
			);
			path = Device;
			sourceTree = "<group>";
		};
		707C067F2BB41C1B00E2597D /* Entities */ = {
			isa = PBXGroup;
			children = (
				707C06B32BB41C1B00E2597D /* UserProperties.swift */,
				707C06B72BB41C1B00E2597D /* UserProperty.swift */,
				707C06B82BB41C1B00E2597D /* UserPropertyKey.swift */,
				707C06792BB41C1B00E2597D /* Device.swift */,
				707C067D2BB41C1B00E2597D /* Transaction.swift */,
				707C067E2BB41C1B00E2597D /* User.swift */,
				6A840DD72BC3DF7600E5E8E3 /* EmptyApiResponse.swift */,
			);
			path = Entities;
			sourceTree = "<group>";
		};
		707C06832BB41C1B00E2597D /* Error */ = {
			isa = PBXGroup;
			children = (
				707C06802BB41C1B00E2597D /* ErrorConstants.swift */,
				707C06812BB41C1B00E2597D /* QonversionError.swift */,
				707C06822BB41C1B00E2597D /* QonversionErrorType.swift */,
			);
			path = Error;
			sourceTree = "<group>";
		};
		707C06872BB41C1B00E2597D /* HeadersBuilder */ = {
			isa = PBXGroup;
			children = (
				707C06842BB41C1B00E2597D /* Header.swift */,
				707C06852BB41C1B00E2597D /* HeadersBuilder.swift */,
				707C06862BB41C1B00E2597D /* HeadersBuilderInterface.swift */,
			);
			path = HeadersBuilder;
			sourceTree = "<group>";
		};
		707C068A2BB41C1B00E2597D /* NetworkErrorHandler */ = {
			isa = PBXGroup;
			children = (
				707C06882BB41C1B00E2597D /* NetworkErrorHandler.swift */,
				707C06892BB41C1B00E2597D /* NetworkErrorHandlerInterface.swift */,
			);
			path = NetworkErrorHandler;
			sourceTree = "<group>";
		};
		707C068D2BB41C1B00E2597D /* NetworkProvider */ = {
			isa = PBXGroup;
			children = (
				707C068B2BB41C1B00E2597D /* NetworkProvider.swift */,
				707C068C2BB41C1B00E2597D /* NetworkProviderInterface.swift */,
			);
			path = NetworkProvider;
			sourceTree = "<group>";
		};
		707C06902BB41C1B00E2597D /* RateLimiter */ = {
			isa = PBXGroup;
			children = (
				707C068E2BB41C1B00E2597D /* RateLimiter.swift */,
				707C068F2BB41C1B00E2597D /* RateLimiterInterface.swift */,
			);
			path = RateLimiter;
			sourceTree = "<group>";
		};
		707C06932BB41C1B00E2597D /* Request */ = {
			isa = PBXGroup;
			children = (
				707C06912BB41C1B00E2597D /* Request.swift */,
				707C06922BB41C1B00E2597D /* RequestType.swift */,
			);
			path = Request;
			sourceTree = "<group>";
		};
		707C06962BB41C1B00E2597D /* RequestProcessor */ = {
			isa = PBXGroup;
			children = (
				707C06942BB41C1B00E2597D /* RequestProcessor.swift */,
				707C06952BB41C1B00E2597D /* RequestProcessorInterface.swift */,
			);
			path = RequestProcessor;
			sourceTree = "<group>";
		};
		707C06992BB41C1B00E2597D /* RequestsStorage */ = {
			isa = PBXGroup;
			children = (
				707C06972BB41C1B00E2597D /* RequestsStorage.swift */,
				707C06982BB41C1B00E2597D /* RequestsStorageInterface.swift */,
			);
			path = RequestsStorage;
			sourceTree = "<group>";
		};
		707C069C2BB41C1B00E2597D /* ResponseDecoder */ = {
			isa = PBXGroup;
			children = (
				707C069A2BB41C1B00E2597D /* ResponseDecoder.swift */,
				707C069B2BB41C1B00E2597D /* ResponseDecoderInterface.swift */,
			);
			path = ResponseDecoder;
			sourceTree = "<group>";
		};
		707C069D2BB41C1B00E2597D /* NetworkLayer */ = {
			isa = PBXGroup;
			children = (
				707C06832BB41C1B00E2597D /* Error */,
				707C06872BB41C1B00E2597D /* HeadersBuilder */,
				707C068A2BB41C1B00E2597D /* NetworkErrorHandler */,
				707C068D2BB41C1B00E2597D /* NetworkProvider */,
				707C06902BB41C1B00E2597D /* RateLimiter */,
				707C06932BB41C1B00E2597D /* Request */,
				707C06962BB41C1B00E2597D /* RequestProcessor */,
				707C06992BB41C1B00E2597D /* RequestsStorage */,
				707C069C2BB41C1B00E2597D /* ResponseDecoder */,
			);
			path = NetworkLayer;
			sourceTree = "<group>";
		};
		707C06A02BB41C1B00E2597D /* LocalStorage */ = {
			isa = PBXGroup;
			children = (
				707C069E2BB41C1B00E2597D /* LocalStorage.swift */,
				707C069F2BB41C1B00E2597D /* LocalStorageInterface.swift */,
			);
			path = LocalStorage;
			sourceTree = "<group>";
		};
		707C06A12BB41C1B00E2597D /* Other */ = {
			isa = PBXGroup;
			children = (
				70B1D9012BBC1068009017EC /* UserPropertiesStorage */,
				707C06A02BB41C1B00E2597D /* LocalStorage */,
			);
			path = Other;
			sourceTree = "<group>";
		};
		707C06A42BB41C1B00E2597D /* UserService */ = {
			isa = PBXGroup;
			children = (
				707C06A22BB41C1B00E2597D /* UserService.swift */,
				707C06A32BB41C1B00E2597D /* UserServiceInterface.swift */,
			);
			path = UserService;
			sourceTree = "<group>";
		};
		707C06A52BB41C1B00E2597D /* Services */ = {
			isa = PBXGroup;
			children = (
				6A840DD02BBFEF5E00E5E8E3 /* ExceptionService */,
				707C067C2BB41C1B00E2597D /* Device */,
				707C06A42BB41C1B00E2597D /* UserService */,
			);
			path = Services;
			sourceTree = "<group>";
		};
		707C06B02BB41C1B00E2597D /* StoreKit */ = {
			isa = PBXGroup;
			children = (
				707C06A62BB41C1B00E2597D /* StoreKitFacade.swift */,
				707C06A72BB41C1B00E2597D /* StoreKitFacadeInterface.swift */,
				707C06A82BB41C1B00E2597D /* StoreKitMapper.swift */,
				707C06A92BB41C1B00E2597D /* StoreKitMapperInterface.swift */,
				707C06AA2BB41C1B00E2597D /* StoreKitOldWrapper.swift */,
				707C06AB2BB41C1B00E2597D /* StoreKitOldWrapperDelegate.swift */,
				707C06AC2BB41C1B00E2597D /* StoreKitOldWrapperInterface.swift */,
				707C06AD2BB41C1B00E2597D /* StoreKitWrapper.swift */,
				707C06AE2BB41C1B00E2597D /* StoreKitWrapperDelegate.swift */,
				707C06AF2BB41C1B00E2597D /* StoreKitWrapperInterface.swift */,
			);
			path = StoreKit;
			sourceTree = "<group>";
		};
		707C06BD2BB41C1B00E2597D /* Utils */ = {
			isa = PBXGroup;
			children = (
				707C07012BB5B59800E2597D /* LoggerWrapper.swift */,
				707C06BA2BB41C1B00E2597D /* ConcurrencyExtensions.swift */,
				707C06BB2BB41C1B00E2597D /* IncrementalDelayCalculator.swift */,
				707C06BC2BB41C1B00E2597D /* Utils.swift */,
			);
			path = Utils;
			sourceTree = "<group>";
		};
		707C06C42BB41C1B00E2597D /* Qonversion */ = {
			isa = PBXGroup;
			children = (
				70B1D9062BBC10A4009017EC /* Managers */,
				707C06782BB41C1B00E2597D /* Assemblies */,
				707C067F2BB41C1B00E2597D /* Entities */,
				707C069D2BB41C1B00E2597D /* NetworkLayer */,
				707C06A12BB41C1B00E2597D /* Other */,
				707C06A52BB41C1B00E2597D /* Services */,
				707C06B02BB41C1B00E2597D /* StoreKit */,
				707C06BD2BB41C1B00E2597D /* Utils */,
				707C06BE2BB41C1B00E2597D /* InternalConfig.swift */,
				707C06BF2BB41C1B00E2597D /* Qonversion.docc */,
				707C06C02BB41C1B00E2597D /* Qonversion.h */,
				707C06C12BB41C1B00E2597D /* Qonversion.swift */,
				707C07052BB5C76300E2597D /* Configuration.swift */,
				707C07032BB5C6DC00E2597D /* LaunchMode.swift */,
				707C06C22BB41C1B00E2597D /* StorageConstants.swift */,
				707C06C32BB41C1B00E2597D /* TemporaryFactory.swift */,
			);
			path = Qonversion;
			sourceTree = "<group>";
		};
		70B1D9012BBC1068009017EC /* UserPropertiesStorage */ = {
			isa = PBXGroup;
			children = (
				707C06B12BB41C1B00E2597D /* PropertiesStorage.swift */,
				707C06B62BB41C1B00E2597D /* UserPropertiesStorage.swift */,
			);
			path = UserPropertiesStorage;
			sourceTree = "<group>";
		};
		70B1D9052BBC10A4009017EC /* UserProperties */ = {
			isa = PBXGroup;
			children = (
				70B1D9022BBC10A4009017EC /* SendUserPropertiesResult.swift */,
				70B1D9032BBC10A4009017EC /* UserPropertiesManager.swift */,
				70B1D9042BBC10A4009017EC /* UserPropertiesManagerInterface.swift */,
			);
			path = UserProperties;
			sourceTree = "<group>";
		};
		70B1D9062BBC10A4009017EC /* Managers */ = {
			isa = PBXGroup;
			children = (
				6A840DD92BC430B500E5E8E3 /* Exception */,
				70B1D90A2BBC10B6009017EC /* Device */,
				70B1D9052BBC10A4009017EC /* UserProperties */,
			);
			path = Managers;
			sourceTree = "<group>";
		};
		70B1D90A2BBC10B6009017EC /* Device */ = {
			isa = PBXGroup;
			children = (
				70B1D90B2BBC10C0009017EC /* DeviceManager.swift */,
				70B1D90D2BBC10CB009017EC /* DeviceManagerInterface.swift */,
			);
			path = Device;
			sourceTree = "<group>";
		};
		70D876CD2B8634220059AA2B /* Frameworks */ = {
			isa = PBXGroup;
			children = (
				70D876CE2B8634230059AA2B /* StoreKit.framework */,
			);
			name = Frameworks;
			sourceTree = "<group>";
		};
		70D877102B8F4E5E0059AA2B /* Sample */ = {
			isa = PBXGroup;
			children = (
				70D877112B8F4E5E0059AA2B /* AppDelegate.swift */,
				70D877132B8F4E5E0059AA2B /* SceneDelegate.swift */,
				70D877152B8F4E5E0059AA2B /* ViewController.swift */,
				70D877172B8F4E5E0059AA2B /* Main.storyboard */,
				70D8771A2B8F4E5F0059AA2B /* Assets.xcassets */,
				70D8771C2B8F4E5F0059AA2B /* LaunchScreen.storyboard */,
				70D8771F2B8F4E5F0059AA2B /* Info.plist */,
			);
			path = Sample;
			sourceTree = "<group>";
		};
		70F163982B6D0D3D00033BEF = {
			isa = PBXGroup;
			children = (
				707C06C42BB41C1B00E2597D /* Qonversion */,
				70D877102B8F4E5E0059AA2B /* Sample */,
				70F163A32B6D0D3D00033BEF /* Products */,
				70D876CD2B8634220059AA2B /* Frameworks */,
				6ABCBE0F2B91C86D003DB107 /* Recovered References */,
			);
			sourceTree = "<group>";
		};
		70F163A32B6D0D3D00033BEF /* Products */ = {
			isa = PBXGroup;
			children = (
				70F163A22B6D0D3D00033BEF /* Qonversion.framework */,
				70D8770F2B8F4E5E0059AA2B /* Sample.app */,
			);
			name = Products;
			sourceTree = "<group>";
		};
/* End PBXGroup section */

/* Begin PBXHeadersBuildPhase section */
		70F1639D2B6D0D3D00033BEF /* Headers */ = {
			isa = PBXHeadersBuildPhase;
			buildActionMask = 2147483647;
			files = (
				707C06FB2BB41C1B00E2597D /* Qonversion.h in Headers */,
			);
			runOnlyForDeploymentPostprocessing = 0;
		};
/* End PBXHeadersBuildPhase section */

/* Begin PBXNativeTarget section */
		70D8770E2B8F4E5E0059AA2B /* Sample */ = {
			isa = PBXNativeTarget;
			buildConfigurationList = 70D877202B8F4E5F0059AA2B /* Build configuration list for PBXNativeTarget "Sample" */;
			buildPhases = (
				70D8770B2B8F4E5E0059AA2B /* Sources */,
				70D8770C2B8F4E5E0059AA2B /* Frameworks */,
				70D8770D2B8F4E5E0059AA2B /* Resources */,
				70D877272B8F5B370059AA2B /* Embed Frameworks */,
			);
			buildRules = (
			);
			dependencies = (
				70D877262B8F5B370059AA2B /* PBXTargetDependency */,
			);
			name = Sample;
			productName = Sample;
			productReference = 70D8770F2B8F4E5E0059AA2B /* Sample.app */;
			productType = "com.apple.product-type.application";
		};
		70F163A12B6D0D3D00033BEF /* Qonversion */ = {
			isa = PBXNativeTarget;
			buildConfigurationList = 70F163AB2B6D0D3D00033BEF /* Build configuration list for PBXNativeTarget "Qonversion" */;
			buildPhases = (
				70F1639D2B6D0D3D00033BEF /* Headers */,
				70F1639E2B6D0D3D00033BEF /* Sources */,
				70F1639F2B6D0D3D00033BEF /* Frameworks */,
				70F163A02B6D0D3D00033BEF /* Resources */,
			);
			buildRules = (
			);
			dependencies = (
			);
			name = Qonversion;
			productName = Qonversion;
			productReference = 70F163A22B6D0D3D00033BEF /* Qonversion.framework */;
			productType = "com.apple.product-type.framework";
		};
/* End PBXNativeTarget section */

/* Begin PBXProject section */
		70F163992B6D0D3D00033BEF /* Project object */ = {
			isa = PBXProject;
			attributes = {
				BuildIndependentTargetsInParallel = 1;
				LastSwiftUpdateCheck = 1520;
				LastUpgradeCheck = 1520;
				TargetAttributes = {
					70D8770E2B8F4E5E0059AA2B = {
						CreatedOnToolsVersion = 15.2;
					};
					70F163A12B6D0D3D00033BEF = {
						CreatedOnToolsVersion = 15.2;
					};
				};
			};
			buildConfigurationList = 70F1639C2B6D0D3D00033BEF /* Build configuration list for PBXProject "Qonversion" */;
			compatibilityVersion = "Xcode 15.0";
			developmentRegion = en;
			hasScannedForEncodings = 0;
			knownRegions = (
				en,
				Base,
			);
			mainGroup = 70F163982B6D0D3D00033BEF;
			productRefGroup = 70F163A32B6D0D3D00033BEF /* Products */;
			projectDirPath = "";
			projectRoot = "";
			targets = (
				70F163A12B6D0D3D00033BEF /* Qonversion */,
				70D8770E2B8F4E5E0059AA2B /* Sample */,
			);
		};
/* End PBXProject section */

/* Begin PBXResourcesBuildPhase section */
		70D8770D2B8F4E5E0059AA2B /* Resources */ = {
			isa = PBXResourcesBuildPhase;
			buildActionMask = 2147483647;
			files = (
				70D8771E2B8F4E5F0059AA2B /* LaunchScreen.storyboard in Resources */,
				70D8771B2B8F4E5F0059AA2B /* Assets.xcassets in Resources */,
				70D877192B8F4E5E0059AA2B /* Main.storyboard in Resources */,
			);
			runOnlyForDeploymentPostprocessing = 0;
		};
		70F163A02B6D0D3D00033BEF /* Resources */ = {
			isa = PBXResourcesBuildPhase;
			buildActionMask = 2147483647;
			files = (
			);
			runOnlyForDeploymentPostprocessing = 0;
		};
/* End PBXResourcesBuildPhase section */

/* Begin PBXSourcesBuildPhase section */
		70D8770B2B8F4E5E0059AA2B /* Sources */ = {
			isa = PBXSourcesBuildPhase;
			buildActionMask = 2147483647;
			files = (
				70D877162B8F4E5E0059AA2B /* ViewController.swift in Sources */,
				70D877122B8F4E5E0059AA2B /* AppDelegate.swift in Sources */,
				70D877142B8F4E5E0059AA2B /* SceneDelegate.swift in Sources */,
			);
			runOnlyForDeploymentPostprocessing = 0;
		};
		70F1639E2B6D0D3D00033BEF /* Sources */ = {
			isa = PBXSourcesBuildPhase;
			buildActionMask = 2147483647;
			files = (
				707C06DF2BB41C1B00E2597D /* ResponseDecoderInterface.swift in Sources */,
				707C06E52BB41C1B00E2597D /* StoreKitFacadeInterface.swift in Sources */,
				707C06F32BB41C1B00E2597D /* UserPropertiesStorage.swift in Sources */,
				707C07042BB5C6DC00E2597D /* LaunchMode.swift in Sources */,
				707C06D02BB41C1B00E2597D /* HeadersBuilder.swift in Sources */,
				70B1D8FE2BBC06F6009017EC /* DeviceServiceInterface.swift in Sources */,
				707C06E42BB41C1B00E2597D /* StoreKitFacade.swift in Sources */,
				70B1D90E2BBC10CB009017EC /* DeviceManagerInterface.swift in Sources */,
				707C07002BB47D7500E2597D /* MiscAssembly.swift in Sources */,
				6A840DD82BC3DF7600E5E8E3 /* EmptyApiResponse.swift in Sources */,
				707C06E92BB41C1B00E2597D /* StoreKitOldWrapperDelegate.swift in Sources */,
				707C06EA2BB41C1B00E2597D /* StoreKitOldWrapperInterface.swift in Sources */,
				707C06E82BB41C1B00E2597D /* StoreKitOldWrapper.swift in Sources */,
				70B1D9072BBC10A4009017EC /* SendUserPropertiesResult.swift in Sources */,
				6A840DD42BBFEFFD00E5E8E3 /* ExceptionServiceInterface.swift in Sources */,
				707C06F92BB41C1B00E2597D /* InternalConfig.swift in Sources */,
				707C06FE2BB41C1B00E2597D /* TemporaryFactory.swift in Sources */,
				707C06D42BB41C1B00E2597D /* NetworkProvider.swift in Sources */,
				707C06F02BB41C1B00E2597D /* UserProperties.swift in Sources */,
				70B1D9092BBC10A4009017EC /* UserPropertiesManagerInterface.swift in Sources */,
				707C06F62BB41C1B00E2597D /* ConcurrencyExtensions.swift in Sources */,
				707C06D62BB41C1B00E2597D /* RateLimiter.swift in Sources */,
				707C06CA2BB41C1B00E2597D /* Transaction.swift in Sources */,
				707C06CB2BB41C1B00E2597D /* User.swift in Sources */,
				707C06ED2BB41C1B00E2597D /* StoreKitWrapperInterface.swift in Sources */,
				6A840DDD2BC430C900E5E8E3 /* ExceptionManagerInterface.swift in Sources */,
				707C06C92BB41C1B00E2597D /* DeviceInfoCollectorInterface.swift in Sources */,
				707C06F52BB41C1B00E2597D /* UserPropertyKey.swift in Sources */,
				707C06D22BB41C1B00E2597D /* NetworkErrorHandler.swift in Sources */,
				707C06F42BB41C1B00E2597D /* UserProperty.swift in Sources */,
				70B1D9002BBC0705009017EC /* DeviceService.swift in Sources */,
				707C06E32BB41C1B00E2597D /* UserServiceInterface.swift in Sources */,
				707C06EC2BB41C1B00E2597D /* StoreKitWrapperDelegate.swift in Sources */,
				707C06EB2BB41C1B00E2597D /* StoreKitWrapper.swift in Sources */,
				707C06F82BB41C1B00E2597D /* Utils.swift in Sources */,
				707C06E22BB41C1B00E2597D /* UserService.swift in Sources */,
				707C06E12BB41C1B00E2597D /* LocalStorageInterface.swift in Sources */,
				707C06E62BB41C1B00E2597D /* StoreKitMapper.swift in Sources */,
				70B1D9082BBC10A4009017EC /* UserPropertiesManager.swift in Sources */,
				707C06CF2BB41C1B00E2597D /* Header.swift in Sources */,
				707C06DA2BB41C1B00E2597D /* RequestProcessor.swift in Sources */,
				707C06CE2BB41C1B00E2597D /* QonversionErrorType.swift in Sources */,
				707C07022BB5B59800E2597D /* LoggerWrapper.swift in Sources */,
				707C06FC2BB41C1B00E2597D /* Qonversion.swift in Sources */,
				707C06D82BB41C1B00E2597D /* Request.swift in Sources */,
				707C06E72BB41C1B00E2597D /* StoreKitMapperInterface.swift in Sources */,
				707C06D52BB41C1B00E2597D /* NetworkProviderInterface.swift in Sources */,
				707C06CC2BB41C1B00E2597D /* ErrorConstants.swift in Sources */,
				707C06D72BB41C1B00E2597D /* RateLimiterInterface.swift in Sources */,
				707C06C62BB41C1B00E2597D /* ServicesAssembly.swift in Sources */,
				707C06C82BB41C1B00E2597D /* DeviceInfoCollector.swift in Sources */,
				6A840DD62BBFF00600E5E8E3 /* ExceptionService.swift in Sources */,
				707C06D12BB41C1B00E2597D /* HeadersBuilderInterface.swift in Sources */,
				707C06DC2BB41C1B00E2597D /* RequestsStorage.swift in Sources */,
				707C06E02BB41C1B00E2597D /* LocalStorage.swift in Sources */,
				707C06DE2BB41C1B00E2597D /* ResponseDecoder.swift in Sources */,
				707C06EE2BB41C1B00E2597D /* PropertiesStorage.swift in Sources */,
				707C06D92BB41C1B00E2597D /* RequestType.swift in Sources */,
				707C06FA2BB41C1B00E2597D /* Qonversion.docc in Sources */,
				707C06FD2BB41C1B00E2597D /* StorageConstants.swift in Sources */,
				707C06C52BB41C1B00E2597D /* QonversionAssembly.swift in Sources */,
				707C06DD2BB41C1B00E2597D /* RequestsStorageInterface.swift in Sources */,
				70B1D90C2BBC10C0009017EC /* DeviceManager.swift in Sources */,
				707C06DB2BB41C1B00E2597D /* RequestProcessorInterface.swift in Sources */,
				707C06F72BB41C1B00E2597D /* IncrementalDelayCalculator.swift in Sources */,
				707C06CD2BB41C1B00E2597D /* QonversionError.swift in Sources */,
				707C06D32BB41C1B00E2597D /* NetworkErrorHandlerInterface.swift in Sources */,
				707C07062BB5C76300E2597D /* Configuration.swift in Sources */,
				6A840DDB2BC430C300E5E8E3 /* ExceptionManager.swift in Sources */,
				707C06C72BB41C1B00E2597D /* Device.swift in Sources */,
			);
			runOnlyForDeploymentPostprocessing = 0;
		};
/* End PBXSourcesBuildPhase section */

/* Begin PBXTargetDependency section */
		70D877262B8F5B370059AA2B /* PBXTargetDependency */ = {
			isa = PBXTargetDependency;
			target = 70F163A12B6D0D3D00033BEF /* Qonversion */;
			targetProxy = 70D877252B8F5B370059AA2B /* PBXContainerItemProxy */;
		};
/* End PBXTargetDependency section */

/* Begin PBXVariantGroup section */
		70D877172B8F4E5E0059AA2B /* Main.storyboard */ = {
			isa = PBXVariantGroup;
			children = (
				70D877182B8F4E5E0059AA2B /* Base */,
			);
			name = Main.storyboard;
			sourceTree = "<group>";
		};
		70D8771C2B8F4E5F0059AA2B /* LaunchScreen.storyboard */ = {
			isa = PBXVariantGroup;
			children = (
				70D8771D2B8F4E5F0059AA2B /* Base */,
			);
			name = LaunchScreen.storyboard;
			sourceTree = "<group>";
		};
/* End PBXVariantGroup section */

/* Begin XCBuildConfiguration section */
		70D877212B8F4E5F0059AA2B /* Debug */ = {
			isa = XCBuildConfiguration;
			buildSettings = {
				ASSETCATALOG_COMPILER_APPICON_NAME = AppIcon;
				ASSETCATALOG_COMPILER_GLOBAL_ACCENT_COLOR_NAME = AccentColor;
				CODE_SIGN_STYLE = Automatic;
				CURRENT_PROJECT_VERSION = 1;
				DEVELOPMENT_TEAM = 5ZBNSPDUJ2;
				GENERATE_INFOPLIST_FILE = YES;
				INFOPLIST_FILE = Sample/Info.plist;
				INFOPLIST_KEY_UIApplicationSupportsIndirectInputEvents = YES;
				INFOPLIST_KEY_UILaunchStoryboardName = LaunchScreen;
				INFOPLIST_KEY_UIMainStoryboardFile = Main;
				INFOPLIST_KEY_UISupportedInterfaceOrientations_iPad = "UIInterfaceOrientationPortrait UIInterfaceOrientationPortraitUpsideDown UIInterfaceOrientationLandscapeLeft UIInterfaceOrientationLandscapeRight";
				INFOPLIST_KEY_UISupportedInterfaceOrientations_iPhone = "UIInterfaceOrientationPortrait UIInterfaceOrientationLandscapeLeft UIInterfaceOrientationLandscapeRight";
				LD_RUNPATH_SEARCH_PATHS = (
					"$(inherited)",
					"@executable_path/Frameworks",
				);
				MARKETING_VERSION = 1.0;
				PRODUCT_BUNDLE_IDENTIFIER = io.qonversion.sample;
				PRODUCT_NAME = "$(TARGET_NAME)";
				SWIFT_EMIT_LOC_STRINGS = YES;
				SWIFT_VERSION = 5.0;
				TARGETED_DEVICE_FAMILY = "1,2";
			};
			name = Debug;
		};
		70D877222B8F4E5F0059AA2B /* Release */ = {
			isa = XCBuildConfiguration;
			buildSettings = {
				ASSETCATALOG_COMPILER_APPICON_NAME = AppIcon;
				ASSETCATALOG_COMPILER_GLOBAL_ACCENT_COLOR_NAME = AccentColor;
				CODE_SIGN_STYLE = Automatic;
				CURRENT_PROJECT_VERSION = 1;
				DEVELOPMENT_TEAM = 5ZBNSPDUJ2;
				GENERATE_INFOPLIST_FILE = YES;
				INFOPLIST_FILE = Sample/Info.plist;
				INFOPLIST_KEY_UIApplicationSupportsIndirectInputEvents = YES;
				INFOPLIST_KEY_UILaunchStoryboardName = LaunchScreen;
				INFOPLIST_KEY_UIMainStoryboardFile = Main;
				INFOPLIST_KEY_UISupportedInterfaceOrientations_iPad = "UIInterfaceOrientationPortrait UIInterfaceOrientationPortraitUpsideDown UIInterfaceOrientationLandscapeLeft UIInterfaceOrientationLandscapeRight";
				INFOPLIST_KEY_UISupportedInterfaceOrientations_iPhone = "UIInterfaceOrientationPortrait UIInterfaceOrientationLandscapeLeft UIInterfaceOrientationLandscapeRight";
				LD_RUNPATH_SEARCH_PATHS = (
					"$(inherited)",
					"@executable_path/Frameworks",
				);
				MARKETING_VERSION = 1.0;
				PRODUCT_BUNDLE_IDENTIFIER = io.qonversion.sample;
				PRODUCT_NAME = "$(TARGET_NAME)";
				SWIFT_EMIT_LOC_STRINGS = YES;
				SWIFT_VERSION = 5.0;
				TARGETED_DEVICE_FAMILY = "1,2";
			};
			name = Release;
		};
		70F163A92B6D0D3D00033BEF /* Debug */ = {
			isa = XCBuildConfiguration;
			buildSettings = {
				ALWAYS_SEARCH_USER_PATHS = NO;
				ASSETCATALOG_COMPILER_GENERATE_SWIFT_ASSET_SYMBOL_EXTENSIONS = YES;
				CLANG_ANALYZER_NONNULL = YES;
				CLANG_ANALYZER_NUMBER_OBJECT_CONVERSION = YES_AGGRESSIVE;
				CLANG_CXX_LANGUAGE_STANDARD = "gnu++20";
				CLANG_ENABLE_MODULES = YES;
				CLANG_ENABLE_OBJC_ARC = YES;
				CLANG_ENABLE_OBJC_WEAK = YES;
				CLANG_WARN_BLOCK_CAPTURE_AUTORELEASING = YES;
				CLANG_WARN_BOOL_CONVERSION = YES;
				CLANG_WARN_COMMA = YES;
				CLANG_WARN_CONSTANT_CONVERSION = YES;
				CLANG_WARN_DEPRECATED_OBJC_IMPLEMENTATIONS = YES;
				CLANG_WARN_DIRECT_OBJC_ISA_USAGE = YES_ERROR;
				CLANG_WARN_DOCUMENTATION_COMMENTS = YES;
				CLANG_WARN_EMPTY_BODY = YES;
				CLANG_WARN_ENUM_CONVERSION = YES;
				CLANG_WARN_INFINITE_RECURSION = YES;
				CLANG_WARN_INT_CONVERSION = YES;
				CLANG_WARN_NON_LITERAL_NULL_CONVERSION = YES;
				CLANG_WARN_OBJC_IMPLICIT_RETAIN_SELF = YES;
				CLANG_WARN_OBJC_LITERAL_CONVERSION = YES;
				CLANG_WARN_OBJC_ROOT_CLASS = YES_ERROR;
				CLANG_WARN_QUOTED_INCLUDE_IN_FRAMEWORK_HEADER = YES;
				CLANG_WARN_RANGE_LOOP_ANALYSIS = YES;
				CLANG_WARN_STRICT_PROTOTYPES = YES;
				CLANG_WARN_SUSPICIOUS_MOVE = YES;
				CLANG_WARN_UNGUARDED_AVAILABILITY = YES_AGGRESSIVE;
				CLANG_WARN_UNREACHABLE_CODE = YES;
				CLANG_WARN__DUPLICATE_METHOD_MATCH = YES;
				COPY_PHASE_STRIP = NO;
				CURRENT_PROJECT_VERSION = 1;
				DEBUG_INFORMATION_FORMAT = dwarf;
				ENABLE_STRICT_OBJC_MSGSEND = YES;
				ENABLE_TESTABILITY = YES;
				ENABLE_USER_SCRIPT_SANDBOXING = YES;
				GCC_C_LANGUAGE_STANDARD = gnu17;
				GCC_DYNAMIC_NO_PIC = NO;
				GCC_NO_COMMON_BLOCKS = YES;
				GCC_OPTIMIZATION_LEVEL = 0;
				GCC_PREPROCESSOR_DEFINITIONS = (
					"DEBUG=1",
					"$(inherited)",
				);
				GCC_WARN_64_TO_32_BIT_CONVERSION = YES;
				GCC_WARN_ABOUT_RETURN_TYPE = YES_ERROR;
				GCC_WARN_UNDECLARED_SELECTOR = YES;
				GCC_WARN_UNINITIALIZED_AUTOS = YES_AGGRESSIVE;
				GCC_WARN_UNUSED_FUNCTION = YES;
				GCC_WARN_UNUSED_VARIABLE = YES;
				IPHONEOS_DEPLOYMENT_TARGET = 17.2;
				LOCALIZATION_PREFERS_STRING_CATALOGS = YES;
				MTL_ENABLE_DEBUG_INFO = INCLUDE_SOURCE;
				MTL_FAST_MATH = YES;
				ONLY_ACTIVE_ARCH = YES;
				SDKROOT = iphoneos;
				SWIFT_ACTIVE_COMPILATION_CONDITIONS = "DEBUG $(inherited)";
				SWIFT_OPTIMIZATION_LEVEL = "-Onone";
				VERSIONING_SYSTEM = "apple-generic";
				VERSION_INFO_PREFIX = "";
			};
			name = Debug;
		};
		70F163AA2B6D0D3D00033BEF /* Release */ = {
			isa = XCBuildConfiguration;
			buildSettings = {
				ALWAYS_SEARCH_USER_PATHS = NO;
				ASSETCATALOG_COMPILER_GENERATE_SWIFT_ASSET_SYMBOL_EXTENSIONS = YES;
				CLANG_ANALYZER_NONNULL = YES;
				CLANG_ANALYZER_NUMBER_OBJECT_CONVERSION = YES_AGGRESSIVE;
				CLANG_CXX_LANGUAGE_STANDARD = "gnu++20";
				CLANG_ENABLE_MODULES = YES;
				CLANG_ENABLE_OBJC_ARC = YES;
				CLANG_ENABLE_OBJC_WEAK = YES;
				CLANG_WARN_BLOCK_CAPTURE_AUTORELEASING = YES;
				CLANG_WARN_BOOL_CONVERSION = YES;
				CLANG_WARN_COMMA = YES;
				CLANG_WARN_CONSTANT_CONVERSION = YES;
				CLANG_WARN_DEPRECATED_OBJC_IMPLEMENTATIONS = YES;
				CLANG_WARN_DIRECT_OBJC_ISA_USAGE = YES_ERROR;
				CLANG_WARN_DOCUMENTATION_COMMENTS = YES;
				CLANG_WARN_EMPTY_BODY = YES;
				CLANG_WARN_ENUM_CONVERSION = YES;
				CLANG_WARN_INFINITE_RECURSION = YES;
				CLANG_WARN_INT_CONVERSION = YES;
				CLANG_WARN_NON_LITERAL_NULL_CONVERSION = YES;
				CLANG_WARN_OBJC_IMPLICIT_RETAIN_SELF = YES;
				CLANG_WARN_OBJC_LITERAL_CONVERSION = YES;
				CLANG_WARN_OBJC_ROOT_CLASS = YES_ERROR;
				CLANG_WARN_QUOTED_INCLUDE_IN_FRAMEWORK_HEADER = YES;
				CLANG_WARN_RANGE_LOOP_ANALYSIS = YES;
				CLANG_WARN_STRICT_PROTOTYPES = YES;
				CLANG_WARN_SUSPICIOUS_MOVE = YES;
				CLANG_WARN_UNGUARDED_AVAILABILITY = YES_AGGRESSIVE;
				CLANG_WARN_UNREACHABLE_CODE = YES;
				CLANG_WARN__DUPLICATE_METHOD_MATCH = YES;
				COPY_PHASE_STRIP = NO;
				CURRENT_PROJECT_VERSION = 1;
				DEBUG_INFORMATION_FORMAT = "dwarf-with-dsym";
				ENABLE_NS_ASSERTIONS = NO;
				ENABLE_STRICT_OBJC_MSGSEND = YES;
				ENABLE_USER_SCRIPT_SANDBOXING = YES;
				GCC_C_LANGUAGE_STANDARD = gnu17;
				GCC_NO_COMMON_BLOCKS = YES;
				GCC_WARN_64_TO_32_BIT_CONVERSION = YES;
				GCC_WARN_ABOUT_RETURN_TYPE = YES_ERROR;
				GCC_WARN_UNDECLARED_SELECTOR = YES;
				GCC_WARN_UNINITIALIZED_AUTOS = YES_AGGRESSIVE;
				GCC_WARN_UNUSED_FUNCTION = YES;
				GCC_WARN_UNUSED_VARIABLE = YES;
				IPHONEOS_DEPLOYMENT_TARGET = 17.2;
				LOCALIZATION_PREFERS_STRING_CATALOGS = YES;
				MTL_ENABLE_DEBUG_INFO = NO;
				MTL_FAST_MATH = YES;
				SDKROOT = iphoneos;
				SWIFT_COMPILATION_MODE = wholemodule;
				VALIDATE_PRODUCT = YES;
				VERSIONING_SYSTEM = "apple-generic";
				VERSION_INFO_PREFIX = "";
			};
			name = Release;
		};
		70F163AC2B6D0D3D00033BEF /* Debug */ = {
			isa = XCBuildConfiguration;
			buildSettings = {
				CODE_SIGN_STYLE = Automatic;
				CURRENT_PROJECT_VERSION = 1;
				DEFINES_MODULE = YES;
				DEVELOPMENT_TEAM = 5ZBNSPDUJ2;
				DYLIB_COMPATIBILITY_VERSION = 1;
				DYLIB_CURRENT_VERSION = 1;
				DYLIB_INSTALL_NAME_BASE = "@rpath";
				ENABLE_MODULE_VERIFIER = YES;
				GENERATE_INFOPLIST_FILE = YES;
				INFOPLIST_KEY_NSHumanReadableCopyright = "";
				INSTALL_PATH = "$(LOCAL_LIBRARY_DIR)/Frameworks";
				IPHONEOS_DEPLOYMENT_TARGET = 13.0;
				LD_RUNPATH_SEARCH_PATHS = (
					"$(inherited)",
					"@executable_path/Frameworks",
					"@loader_path/Frameworks",
				);
				MARKETING_VERSION = 1.0;
				MODULE_VERIFIER_SUPPORTED_LANGUAGES = "objective-c objective-c++";
				MODULE_VERIFIER_SUPPORTED_LANGUAGE_STANDARDS = "gnu17 gnu++20";
				PRODUCT_BUNDLE_IDENTIFIER = io.qonversion.sdk.Qonversion;
				PRODUCT_NAME = "$(TARGET_NAME:c99extidentifier)";
				SKIP_INSTALL = YES;
				SWIFT_EMIT_LOC_STRINGS = YES;
				SWIFT_VERSION = 5.0;
				TARGETED_DEVICE_FAMILY = "1,2";
			};
			name = Debug;
		};
		70F163AD2B6D0D3D00033BEF /* Release */ = {
			isa = XCBuildConfiguration;
			buildSettings = {
				CODE_SIGN_STYLE = Automatic;
				CURRENT_PROJECT_VERSION = 1;
				DEFINES_MODULE = YES;
				DEVELOPMENT_TEAM = 5ZBNSPDUJ2;
				DYLIB_COMPATIBILITY_VERSION = 1;
				DYLIB_CURRENT_VERSION = 1;
				DYLIB_INSTALL_NAME_BASE = "@rpath";
				ENABLE_MODULE_VERIFIER = YES;
				GENERATE_INFOPLIST_FILE = YES;
				INFOPLIST_KEY_NSHumanReadableCopyright = "";
				INSTALL_PATH = "$(LOCAL_LIBRARY_DIR)/Frameworks";
				IPHONEOS_DEPLOYMENT_TARGET = 13.0;
				LD_RUNPATH_SEARCH_PATHS = (
					"$(inherited)",
					"@executable_path/Frameworks",
					"@loader_path/Frameworks",
				);
				MARKETING_VERSION = 1.0;
				MODULE_VERIFIER_SUPPORTED_LANGUAGES = "objective-c objective-c++";
				MODULE_VERIFIER_SUPPORTED_LANGUAGE_STANDARDS = "gnu17 gnu++20";
				PRODUCT_BUNDLE_IDENTIFIER = io.qonversion.sdk.Qonversion;
				PRODUCT_NAME = "$(TARGET_NAME:c99extidentifier)";
				SKIP_INSTALL = YES;
				SWIFT_EMIT_LOC_STRINGS = YES;
				SWIFT_VERSION = 5.0;
				TARGETED_DEVICE_FAMILY = "1,2";
			};
			name = Release;
		};
/* End XCBuildConfiguration section */

/* Begin XCConfigurationList section */
		70D877202B8F4E5F0059AA2B /* Build configuration list for PBXNativeTarget "Sample" */ = {
			isa = XCConfigurationList;
			buildConfigurations = (
				70D877212B8F4E5F0059AA2B /* Debug */,
				70D877222B8F4E5F0059AA2B /* Release */,
			);
			defaultConfigurationIsVisible = 0;
			defaultConfigurationName = Release;
		};
		70F1639C2B6D0D3D00033BEF /* Build configuration list for PBXProject "Qonversion" */ = {
			isa = XCConfigurationList;
			buildConfigurations = (
				70F163A92B6D0D3D00033BEF /* Debug */,
				70F163AA2B6D0D3D00033BEF /* Release */,
			);
			defaultConfigurationIsVisible = 0;
			defaultConfigurationName = Release;
		};
		70F163AB2B6D0D3D00033BEF /* Build configuration list for PBXNativeTarget "Qonversion" */ = {
			isa = XCConfigurationList;
			buildConfigurations = (
				70F163AC2B6D0D3D00033BEF /* Debug */,
				70F163AD2B6D0D3D00033BEF /* Release */,
			);
			defaultConfigurationIsVisible = 0;
			defaultConfigurationName = Release;
		};
/* End XCConfigurationList section */
	};
	rootObject = 70F163992B6D0D3D00033BEF /* Project object */;
}
