// !$*UTF8*$!
{
	archiveVersion = 1;
	classes = {
	};
	objectVersion = 50;
	objects = {

/* Begin PBXBuildFile section */
		3ACB2676C0929D7E1B7EBD35 /* libPods-QonversionTests.a in Frameworks */ = {isa = PBXBuildFile; fileRef = 6D20F2CD8AEC1ED86B5F788D /* libPods-QonversionTests.a */; };
		45202189244DD02F00C1A928 /* QonversionTests.m in Sources */ = {isa = PBXBuildFile; fileRef = 45202188244DD02F00C1A928 /* QonversionTests.m */; };
		4531CBBF245778110022C422 /* QDevice.h in Headers */ = {isa = PBXBuildFile; fileRef = 4531CBBD245778110022C422 /* QDevice.h */; settings = {ATTRIBUTES = (Private, ); }; };
		4531CBC0245778110022C422 /* QDevice.m in Sources */ = {isa = PBXBuildFile; fileRef = 4531CBBE245778110022C422 /* QDevice.m */; };
		4531CBC324577D770022C422 /* QConstants.h in Headers */ = {isa = PBXBuildFile; fileRef = 4531CBC124577D770022C422 /* QConstants.h */; };
		4531CBC424577D770022C422 /* QConstants.m in Sources */ = {isa = PBXBuildFile; fileRef = 4531CBC224577D770022C422 /* QConstants.m */; };
		4531CBC6245789D40022C422 /* QDeviceTests.m in Sources */ = {isa = PBXBuildFile; fileRef = 4531CBC5245789D40022C422 /* QDeviceTests.m */; };
		4531CBC824578D300022C422 /* Podfile in Resources */ = {isa = PBXBuildFile; fileRef = 4531CBC724578D300022C422 /* Podfile */; };
		4531CBCB24581BD80022C422 /* QUserInfoTests.m in Sources */ = {isa = PBXBuildFile; fileRef = 4531CBC92457F6E00022C422 /* QUserInfoTests.m */; };
		454BE211247C2BB4001FE771 /* QInMemoryStorage.h in Headers */ = {isa = PBXBuildFile; fileRef = 454BE20F247C2BB4001FE771 /* QInMemoryStorage.h */; };
		454BE212247C2BB4001FE771 /* QInMemoryStorage.m in Sources */ = {isa = PBXBuildFile; fileRef = 454BE210247C2BB4001FE771 /* QInMemoryStorage.m */; };
		454BE21B247C2F0E001FE771 /* QInMemoryStorageTests.m in Sources */ = {isa = PBXBuildFile; fileRef = 454BE21A247C2F0E001FE771 /* QInMemoryStorageTests.m */; };
		454BE22A247C3E72001FE771 /* QonversionProperties.h in Headers */ = {isa = PBXBuildFile; fileRef = 454BE228247C3E72001FE771 /* QonversionProperties.h */; };
		454BE22B247C3E72001FE771 /* QonversionProperties.m in Sources */ = {isa = PBXBuildFile; fileRef = 454BE229247C3E72001FE771 /* QonversionProperties.m */; };
		454BE22D247C3EDC001FE771 /* QonversionPropertiesTests.m in Sources */ = {isa = PBXBuildFile; fileRef = 454BE22C247C3EDC001FE771 /* QonversionPropertiesTests.m */; };
		454BE230247C4AD8001FE771 /* QUtils.h in Headers */ = {isa = PBXBuildFile; fileRef = 454BE22E247C4AD8001FE771 /* QUtils.h */; };
		454BE231247C4AD8001FE771 /* QUtils.m in Sources */ = {isa = PBXBuildFile; fileRef = 454BE22F247C4AD8001FE771 /* QUtils.m */; };
		456ECD34249B901900D2BC40 /* QRequestBuilder.m in Sources */ = {isa = PBXBuildFile; fileRef = 456ECD33249B901900D2BC40 /* QRequestBuilder.m */; };
		456ECD37249BB68B00D2BC40 /* QRequestBuilderTests.m in Sources */ = {isa = PBXBuildFile; fileRef = 456ECD36249BB68B00D2BC40 /* QRequestBuilderTests.m */; };
		456ECD39249BBF3E00D2BC40 /* QRequestSerializer.m in Sources */ = {isa = PBXBuildFile; fileRef = 456ECD38249BBF3E00D2BC40 /* QRequestSerializer.m */; };
		456ECD3B249BBF9A00D2BC40 /* QRequestSerializer.h in Headers */ = {isa = PBXBuildFile; fileRef = 456ECD3A249BBF9A00D2BC40 /* QRequestSerializer.h */; };
		456ECD3F249C737500D2BC40 /* QonversionLaunchResult.m in Sources */ = {isa = PBXBuildFile; fileRef = 456ECD3E249C737500D2BC40 /* QonversionLaunchResult.m */; };
		456ECD43249C8B0100D2BC40 /* QonversionPermission.m in Sources */ = {isa = PBXBuildFile; fileRef = 456ECD42249C8B0100D2BC40 /* QonversionPermission.m */; };
		456ECD45249C8B2000D2BC40 /* QonversionProduct.m in Sources */ = {isa = PBXBuildFile; fileRef = 456ECD44249C8B2000D2BC40 /* QonversionProduct.m */; };
		456ECD47249C8EEE00D2BC40 /* init.json in Resources */ = {isa = PBXBuildFile; fileRef = 456ECD46249C8EEE00D2BC40 /* init.json */; };
		456ECD49249CA28300D2BC40 /* init_failed_state.json in Resources */ = {isa = PBXBuildFile; fileRef = 456ECD48249CA28300D2BC40 /* init_failed_state.json */; };
		4587136C24AB963100F4B418 /* QRequestSerializerTests.m in Sources */ = {isa = PBXBuildFile; fileRef = 4587136B24AB963100F4B418 /* QRequestSerializerTests.m */; };
		458A8CB724B1F5F600637130 /* QErrors.h in Headers */ = {isa = PBXBuildFile; fileRef = 458A8CB624B1EFE500637130 /* QErrors.h */; settings = {ATTRIBUTES = (Public, ); }; };
		458A8CBE24B4B88F00637130 /* StoreKitSugare.h in Headers */ = {isa = PBXBuildFile; fileRef = 458A8CBC24B4B88F00637130 /* StoreKitSugare.h */; };
		458A8CBF24B4B88F00637130 /* StoreKitSugare.m in Sources */ = {isa = PBXBuildFile; fileRef = 458A8CBD24B4B88F00637130 /* StoreKitSugare.m */; };
		458A8CC124B5E50A00637130 /* QonversionProduct.h in Headers */ = {isa = PBXBuildFile; fileRef = 456ECD41249C76D400D2BC40 /* QonversionProduct.h */; settings = {ATTRIBUTES = (Public, ); }; };
		458A8CC224B5E50F00637130 /* QonversionPermission.h in Headers */ = {isa = PBXBuildFile; fileRef = 456ECD31249B825D00D2BC40 /* QonversionPermission.h */; settings = {ATTRIBUTES = (Public, ); }; };
		458A8CC424B5E52D00637130 /* QonversionProduct+Protected.h in Headers */ = {isa = PBXBuildFile; fileRef = 458A8CC324B5E52D00637130 /* QonversionProduct+Protected.h */; };
		458A8CC824B8407C00637130 /* StoreKitService.h in Headers */ = {isa = PBXBuildFile; fileRef = 458A8CC624B8407B00637130 /* StoreKitService.h */; };
		458A8CC924B8407C00637130 /* StoreKitService.m in Sources */ = {isa = PBXBuildFile; fileRef = 458A8CC724B8407B00637130 /* StoreKitService.m */; };
		458A8CCB24B9A3DF00637130 /* StoreKitServiceTests.m in Sources */ = {isa = PBXBuildFile; fileRef = 458A8CCA24B9A3DF00637130 /* StoreKitServiceTests.m */; };
		459DAB73243E329F0011ECF3 /* Qonversion.framework in Frameworks */ = {isa = PBXBuildFile; fileRef = 459DAB69243E329F0011ECF3 /* Qonversion.framework */; };
		459DAB9A243E333C0011ECF3 /* README.md in Resources */ = {isa = PBXBuildFile; fileRef = 459DAB97243E333C0011ECF3 /* README.md */; };
		459DAB9B243E333C0011ECF3 /* LICENSE in Resources */ = {isa = PBXBuildFile; fileRef = 459DAB98243E333C0011ECF3 /* LICENSE */; };
		459DAB9C243E333C0011ECF3 /* Qonversion.podspec in Resources */ = {isa = PBXBuildFile; fileRef = 459DAB99243E333C0011ECF3 /* Qonversion.podspec */; };
		459DABA4243E33470011ECF3 /* report.html in Resources */ = {isa = PBXBuildFile; fileRef = 459DAB9F243E33470011ECF3 /* report.html */; };
		459DABA5243E33470011ECF3 /* report.junit in Resources */ = {isa = PBXBuildFile; fileRef = 459DABA0243E33470011ECF3 /* report.junit */; };
		459DABA6243E33470011ECF3 /* Appfile in Resources */ = {isa = PBXBuildFile; fileRef = 459DABA1243E33470011ECF3 /* Appfile */; };
		459DABA7243E33470011ECF3 /* Fastfile in Resources */ = {isa = PBXBuildFile; fileRef = 459DABA2243E33470011ECF3 /* Fastfile */; };
		459DABA8243E33470011ECF3 /* report.xml in Resources */ = {isa = PBXBuildFile; fileRef = 459DABA3243E33470011ECF3 /* report.xml */; };
		459DABDB243E33C20011ECF3 /* Qonversion.xcconfig in Resources */ = {isa = PBXBuildFile; fileRef = 459DABD4243E33C20011ECF3 /* Qonversion.xcconfig */; };
		459DABDE243E33C20011ECF3 /* QonversionFramework.h in Headers */ = {isa = PBXBuildFile; fileRef = 459DABD7243E33C20011ECF3 /* QonversionFramework.h */; };
		459DABF5243E35BC0011ECF3 /* Qonversion.h in Headers */ = {isa = PBXBuildFile; fileRef = 459DABE1243E35BC0011ECF3 /* Qonversion.h */; settings = {ATTRIBUTES = (Public, ); }; };
		459DABF6243E35BC0011ECF3 /* UserInfo.m in Sources */ = {isa = PBXBuildFile; fileRef = 459DABE3243E35BC0011ECF3 /* UserInfo.m */; };
		459DABF7243E35BC0011ECF3 /* Keychain.h in Headers */ = {isa = PBXBuildFile; fileRef = 459DABE4243E35BC0011ECF3 /* Keychain.h */; settings = {ATTRIBUTES = (Private, ); }; };
		459DABF8243E35BC0011ECF3 /* UserInfo.h in Headers */ = {isa = PBXBuildFile; fileRef = 459DABE5243E35BC0011ECF3 /* UserInfo.h */; settings = {ATTRIBUTES = (Private, ); }; };
		459DABF9243E35BC0011ECF3 /* Keychain.m in Sources */ = {isa = PBXBuildFile; fileRef = 459DABE6243E35BC0011ECF3 /* Keychain.m */; };
		459DABFA243E35BC0011ECF3 /* Keeper.h in Headers */ = {isa = PBXBuildFile; fileRef = 459DABE8243E35BC0011ECF3 /* Keeper.h */; settings = {ATTRIBUTES = (Private, ); }; };
		459DABFB243E35BC0011ECF3 /* Keeper.m in Sources */ = {isa = PBXBuildFile; fileRef = 459DABE9243E35BC0011ECF3 /* Keeper.m */; };
		459DABFC243E35BC0011ECF3 /* QonversionMapper.m in Sources */ = {isa = PBXBuildFile; fileRef = 459DABEB243E35BC0011ECF3 /* QonversionMapper.m */; };
		459DAC03243E35BC0011ECF3 /* QonversionMapper.h in Headers */ = {isa = PBXBuildFile; fileRef = 459DABF3243E35BC0011ECF3 /* QonversionMapper.h */; settings = {ATTRIBUTES = (Private, ); }; };
		459DAC04243E35BC0011ECF3 /* Qonversion.m in Sources */ = {isa = PBXBuildFile; fileRef = 459DABF4243E35BC0011ECF3 /* Qonversion.m */; };
		459DAC06243E49C20011ECF3 /* QonversionMapperTests.m in Sources */ = {isa = PBXBuildFile; fileRef = 459DAC05243E49C20011ECF3 /* QonversionMapperTests.m */; };
		459DAC0D243E4D610011ECF3 /* XCTestCase+TestJSON.m in Sources */ = {isa = PBXBuildFile; fileRef = 459DAC0C243E4D610011ECF3 /* XCTestCase+TestJSON.m */; };
		45B19FF12497D5FE00AEF08E /* QUserDefaultsStorage.m in Sources */ = {isa = PBXBuildFile; fileRef = 45B19FF02497D5FE00AEF08E /* QUserDefaultsStorage.m */; };
		45CC2EF024407737005CD107 /* check_failed_state.json in Resources */ = {isa = PBXBuildFile; fileRef = 45CC2EEF24407737005CD107 /* check_failed_state.json */; };
/* End PBXBuildFile section */

/* Begin PBXContainerItemProxy section */
		459DAB74243E329F0011ECF3 /* PBXContainerItemProxy */ = {
			isa = PBXContainerItemProxy;
			containerPortal = 459DAB60243E329F0011ECF3 /* Project object */;
			proxyType = 1;
			remoteGlobalIDString = 459DAB68243E329F0011ECF3;
			remoteInfo = Qonversion;
		};
/* End PBXContainerItemProxy section */

/* Begin PBXFileReference section */
		45202188244DD02F00C1A928 /* QonversionTests.m */ = {isa = PBXFileReference; lastKnownFileType = sourcecode.c.objc; path = QonversionTests.m; sourceTree = "<group>"; };
		4531CBBD245778110022C422 /* QDevice.h */ = {isa = PBXFileReference; lastKnownFileType = sourcecode.c.h; path = QDevice.h; sourceTree = "<group>"; };
		4531CBBE245778110022C422 /* QDevice.m */ = {isa = PBXFileReference; lastKnownFileType = sourcecode.c.objc; path = QDevice.m; sourceTree = "<group>"; };
		4531CBC124577D770022C422 /* QConstants.h */ = {isa = PBXFileReference; lastKnownFileType = sourcecode.c.h; path = QConstants.h; sourceTree = "<group>"; };
		4531CBC224577D770022C422 /* QConstants.m */ = {isa = PBXFileReference; lastKnownFileType = sourcecode.c.objc; path = QConstants.m; sourceTree = "<group>"; };
		4531CBC5245789D40022C422 /* QDeviceTests.m */ = {isa = PBXFileReference; lastKnownFileType = sourcecode.c.objc; path = QDeviceTests.m; sourceTree = "<group>"; };
		4531CBC724578D300022C422 /* Podfile */ = {isa = PBXFileReference; fileEncoding = 4; lastKnownFileType = text; path = Podfile; sourceTree = "<group>"; xcLanguageSpecificationIdentifier = xcode.lang.ruby; };
		4531CBC92457F6E00022C422 /* QUserInfoTests.m */ = {isa = PBXFileReference; lastKnownFileType = sourcecode.c.objc; path = QUserInfoTests.m; sourceTree = "<group>"; };
		454BE20F247C2BB4001FE771 /* QInMemoryStorage.h */ = {isa = PBXFileReference; lastKnownFileType = sourcecode.c.h; path = QInMemoryStorage.h; sourceTree = "<group>"; };
		454BE210247C2BB4001FE771 /* QInMemoryStorage.m */ = {isa = PBXFileReference; lastKnownFileType = sourcecode.c.objc; path = QInMemoryStorage.m; sourceTree = "<group>"; };
		454BE213247C2BCE001FE771 /* QLocalStorage.h */ = {isa = PBXFileReference; lastKnownFileType = sourcecode.c.h; path = QLocalStorage.h; sourceTree = "<group>"; };
		454BE21A247C2F0E001FE771 /* QInMemoryStorageTests.m */ = {isa = PBXFileReference; lastKnownFileType = sourcecode.c.objc; path = QInMemoryStorageTests.m; sourceTree = "<group>"; };
		454BE228247C3E72001FE771 /* QonversionProperties.h */ = {isa = PBXFileReference; fileEncoding = 4; lastKnownFileType = sourcecode.c.h; name = QonversionProperties.h; path = Sources/QonversionProperties.h; sourceTree = SOURCE_ROOT; };
		454BE229247C3E72001FE771 /* QonversionProperties.m */ = {isa = PBXFileReference; fileEncoding = 4; lastKnownFileType = sourcecode.c.objc; name = QonversionProperties.m; path = Sources/QonversionProperties.m; sourceTree = SOURCE_ROOT; };
		454BE22C247C3EDC001FE771 /* QonversionPropertiesTests.m */ = {isa = PBXFileReference; lastKnownFileType = sourcecode.c.objc; path = QonversionPropertiesTests.m; sourceTree = "<group>"; };
		454BE22E247C4AD8001FE771 /* QUtils.h */ = {isa = PBXFileReference; lastKnownFileType = sourcecode.c.h; path = QUtils.h; sourceTree = "<group>"; };
		454BE22F247C4AD8001FE771 /* QUtils.m */ = {isa = PBXFileReference; lastKnownFileType = sourcecode.c.objc; path = QUtils.m; sourceTree = "<group>"; };
		456ECD31249B825D00D2BC40 /* QonversionPermission.h */ = {isa = PBXFileReference; lastKnownFileType = sourcecode.c.h; path = QonversionPermission.h; sourceTree = "<group>"; };
		456ECD32249B8FE000D2BC40 /* QRequestBuilder.h */ = {isa = PBXFileReference; lastKnownFileType = sourcecode.c.h; path = QRequestBuilder.h; sourceTree = "<group>"; };
		456ECD33249B901900D2BC40 /* QRequestBuilder.m */ = {isa = PBXFileReference; lastKnownFileType = sourcecode.c.objc; path = QRequestBuilder.m; sourceTree = "<group>"; };
		456ECD36249BB68B00D2BC40 /* QRequestBuilderTests.m */ = {isa = PBXFileReference; lastKnownFileType = sourcecode.c.objc; path = QRequestBuilderTests.m; sourceTree = "<group>"; };
		456ECD38249BBF3E00D2BC40 /* QRequestSerializer.m */ = {isa = PBXFileReference; lastKnownFileType = sourcecode.c.objc; path = QRequestSerializer.m; sourceTree = "<group>"; };
		456ECD3A249BBF9A00D2BC40 /* QRequestSerializer.h */ = {isa = PBXFileReference; fileEncoding = 4; lastKnownFileType = sourcecode.c.h; path = QRequestSerializer.h; sourceTree = "<group>"; };
		456ECD3D249BD10F00D2BC40 /* QonversionLaunchResult.h */ = {isa = PBXFileReference; lastKnownFileType = sourcecode.c.h; path = QonversionLaunchResult.h; sourceTree = "<group>"; };
		456ECD3E249C737500D2BC40 /* QonversionLaunchResult.m */ = {isa = PBXFileReference; lastKnownFileType = sourcecode.c.objc; path = QonversionLaunchResult.m; sourceTree = "<group>"; };
		456ECD40249C75D400D2BC40 /* QonversionLaunchResult+Protected.h */ = {isa = PBXFileReference; lastKnownFileType = sourcecode.c.h; path = "QonversionLaunchResult+Protected.h"; sourceTree = "<group>"; };
		456ECD41249C76D400D2BC40 /* QonversionProduct.h */ = {isa = PBXFileReference; lastKnownFileType = sourcecode.c.h; path = QonversionProduct.h; sourceTree = "<group>"; };
		456ECD42249C8B0100D2BC40 /* QonversionPermission.m */ = {isa = PBXFileReference; lastKnownFileType = sourcecode.c.objc; path = QonversionPermission.m; sourceTree = "<group>"; };
		456ECD44249C8B2000D2BC40 /* QonversionProduct.m */ = {isa = PBXFileReference; lastKnownFileType = sourcecode.c.objc; path = QonversionProduct.m; sourceTree = "<group>"; };
		456ECD46249C8EEE00D2BC40 /* init.json */ = {isa = PBXFileReference; fileEncoding = 4; lastKnownFileType = text.json; path = init.json; sourceTree = "<group>"; };
		456ECD48249CA28300D2BC40 /* init_failed_state.json */ = {isa = PBXFileReference; fileEncoding = 4; lastKnownFileType = text.json; path = init_failed_state.json; sourceTree = "<group>"; };
		4587136B24AB963100F4B418 /* QRequestSerializerTests.m */ = {isa = PBXFileReference; lastKnownFileType = sourcecode.c.objc; path = QRequestSerializerTests.m; sourceTree = "<group>"; };
		458A8CB624B1EFE500637130 /* QErrors.h */ = {isa = PBXFileReference; lastKnownFileType = sourcecode.c.h; path = QErrors.h; sourceTree = "<group>"; };
		458A8CBC24B4B88F00637130 /* StoreKitSugare.h */ = {isa = PBXFileReference; lastKnownFileType = sourcecode.c.h; path = StoreKitSugare.h; sourceTree = "<group>"; };
		458A8CBD24B4B88F00637130 /* StoreKitSugare.m */ = {isa = PBXFileReference; lastKnownFileType = sourcecode.c.objc; path = StoreKitSugare.m; sourceTree = "<group>"; };
		458A8CC324B5E52D00637130 /* QonversionProduct+Protected.h */ = {isa = PBXFileReference; lastKnownFileType = sourcecode.c.h; path = "QonversionProduct+Protected.h"; sourceTree = "<group>"; };
		458A8CC624B8407B00637130 /* StoreKitService.h */ = {isa = PBXFileReference; lastKnownFileType = sourcecode.c.h; path = StoreKitService.h; sourceTree = "<group>"; };
		458A8CC724B8407B00637130 /* StoreKitService.m */ = {isa = PBXFileReference; lastKnownFileType = sourcecode.c.objc; path = StoreKitService.m; sourceTree = "<group>"; };
		458A8CCA24B9A3DF00637130 /* StoreKitServiceTests.m */ = {isa = PBXFileReference; lastKnownFileType = sourcecode.c.objc; path = StoreKitServiceTests.m; sourceTree = "<group>"; };
		459DAB69243E329F0011ECF3 /* Qonversion.framework */ = {isa = PBXFileReference; explicitFileType = wrapper.framework; includeInIndex = 0; path = Qonversion.framework; sourceTree = BUILT_PRODUCTS_DIR; };
		459DAB72243E329F0011ECF3 /* QonversionTests.xctest */ = {isa = PBXFileReference; explicitFileType = wrapper.cfbundle; includeInIndex = 0; path = QonversionTests.xctest; sourceTree = BUILT_PRODUCTS_DIR; };
		459DAB79243E329F0011ECF3 /* Info.plist */ = {isa = PBXFileReference; lastKnownFileType = text.plist.xml; path = Info.plist; sourceTree = "<group>"; };
		459DAB97243E333C0011ECF3 /* README.md */ = {isa = PBXFileReference; fileEncoding = 4; lastKnownFileType = net.daringfireball.markdown; path = README.md; sourceTree = "<group>"; };
		459DAB98243E333C0011ECF3 /* LICENSE */ = {isa = PBXFileReference; fileEncoding = 4; lastKnownFileType = text; path = LICENSE; sourceTree = "<group>"; };
		459DAB99243E333C0011ECF3 /* Qonversion.podspec */ = {isa = PBXFileReference; fileEncoding = 4; lastKnownFileType = text; path = Qonversion.podspec; sourceTree = "<group>"; xcLanguageSpecificationIdentifier = xcode.lang.ruby; };
		459DAB9F243E33470011ECF3 /* report.html */ = {isa = PBXFileReference; fileEncoding = 4; lastKnownFileType = text.html; path = report.html; sourceTree = "<group>"; };
		459DABA0243E33470011ECF3 /* report.junit */ = {isa = PBXFileReference; fileEncoding = 4; lastKnownFileType = text.xml; path = report.junit; sourceTree = "<group>"; };
		459DABA1243E33470011ECF3 /* Appfile */ = {isa = PBXFileReference; fileEncoding = 4; lastKnownFileType = text; path = Appfile; sourceTree = "<group>"; };
		459DABA2243E33470011ECF3 /* Fastfile */ = {isa = PBXFileReference; fileEncoding = 4; indentWidth = 2; lastKnownFileType = text; path = Fastfile; sourceTree = "<group>"; tabWidth = 2; };
		459DABA3243E33470011ECF3 /* report.xml */ = {isa = PBXFileReference; fileEncoding = 4; lastKnownFileType = text.xml; path = report.xml; sourceTree = "<group>"; };
		459DABD4243E33C20011ECF3 /* Qonversion.xcconfig */ = {isa = PBXFileReference; fileEncoding = 4; lastKnownFileType = text.xcconfig; path = Qonversion.xcconfig; sourceTree = "<group>"; };
		459DABD7243E33C20011ECF3 /* QonversionFramework.h */ = {isa = PBXFileReference; fileEncoding = 4; lastKnownFileType = sourcecode.c.h; path = QonversionFramework.h; sourceTree = "<group>"; };
		459DABD8243E33C20011ECF3 /* Qonversion.modulemap */ = {isa = PBXFileReference; fileEncoding = 4; lastKnownFileType = "sourcecode.module-map"; path = Qonversion.modulemap; sourceTree = "<group>"; };
		459DABDA243E33C20011ECF3 /* Info.plist */ = {isa = PBXFileReference; fileEncoding = 4; lastKnownFileType = text.plist.xml; path = Info.plist; sourceTree = "<group>"; };
		459DABE1243E35BC0011ECF3 /* Qonversion.h */ = {isa = PBXFileReference; fileEncoding = 4; lastKnownFileType = sourcecode.c.h; path = Qonversion.h; sourceTree = "<group>"; };
		459DABE3243E35BC0011ECF3 /* UserInfo.m */ = {isa = PBXFileReference; fileEncoding = 4; indentWidth = 4; lastKnownFileType = sourcecode.c.objc; path = UserInfo.m; sourceTree = "<group>"; tabWidth = 4; };
		459DABE4243E35BC0011ECF3 /* Keychain.h */ = {isa = PBXFileReference; fileEncoding = 4; lastKnownFileType = sourcecode.c.h; path = Keychain.h; sourceTree = "<group>"; };
		459DABE5243E35BC0011ECF3 /* UserInfo.h */ = {isa = PBXFileReference; fileEncoding = 4; lastKnownFileType = sourcecode.c.h; path = UserInfo.h; sourceTree = "<group>"; };
		459DABE6243E35BC0011ECF3 /* Keychain.m */ = {isa = PBXFileReference; fileEncoding = 4; lastKnownFileType = sourcecode.c.objc; path = Keychain.m; sourceTree = "<group>"; };
		459DABE8243E35BC0011ECF3 /* Keeper.h */ = {isa = PBXFileReference; fileEncoding = 4; lastKnownFileType = sourcecode.c.h; path = Keeper.h; sourceTree = "<group>"; };
		459DABE9243E35BC0011ECF3 /* Keeper.m */ = {isa = PBXFileReference; fileEncoding = 4; lastKnownFileType = sourcecode.c.objc; path = Keeper.m; sourceTree = "<group>"; };
		459DABEB243E35BC0011ECF3 /* QonversionMapper.m */ = {isa = PBXFileReference; fileEncoding = 4; lastKnownFileType = sourcecode.c.objc; path = QonversionMapper.m; sourceTree = "<group>"; };
		459DABF3243E35BC0011ECF3 /* QonversionMapper.h */ = {isa = PBXFileReference; fileEncoding = 4; lastKnownFileType = sourcecode.c.h; path = QonversionMapper.h; sourceTree = "<group>"; };
		459DABF4243E35BC0011ECF3 /* Qonversion.m */ = {isa = PBXFileReference; fileEncoding = 4; indentWidth = 2; lastKnownFileType = sourcecode.c.objc; path = Qonversion.m; sourceTree = "<group>"; tabWidth = 2; };
		459DAC05243E49C20011ECF3 /* QonversionMapperTests.m */ = {isa = PBXFileReference; lastKnownFileType = sourcecode.c.objc; path = QonversionMapperTests.m; sourceTree = "<group>"; };
		459DAC0B243E4D610011ECF3 /* XCTestCase+TestJSON.h */ = {isa = PBXFileReference; fileEncoding = 4; lastKnownFileType = sourcecode.c.h; path = "XCTestCase+TestJSON.h"; sourceTree = "<group>"; };
		459DAC0C243E4D610011ECF3 /* XCTestCase+TestJSON.m */ = {isa = PBXFileReference; fileEncoding = 4; lastKnownFileType = sourcecode.c.objc; path = "XCTestCase+TestJSON.m"; sourceTree = "<group>"; };
		45B19FF02497D5FE00AEF08E /* QUserDefaultsStorage.m */ = {isa = PBXFileReference; lastKnownFileType = sourcecode.c.objc; path = QUserDefaultsStorage.m; sourceTree = "<group>"; };
		45B19FF22497D64500AEF08E /* QUserDefaultsStorage.h */ = {isa = PBXFileReference; lastKnownFileType = sourcecode.c.h; path = QUserDefaultsStorage.h; sourceTree = "<group>"; };
		45CC2EEF24407737005CD107 /* check_failed_state.json */ = {isa = PBXFileReference; lastKnownFileType = text.json; path = check_failed_state.json; sourceTree = "<group>"; };
		45CC2EF4244085E4005CD107 /* tests.yml */ = {isa = PBXFileReference; lastKnownFileType = text.yaml; path = tests.yml; sourceTree = "<group>"; };
		6D20F2CD8AEC1ED86B5F788D /* libPods-QonversionTests.a */ = {isa = PBXFileReference; explicitFileType = archive.ar; includeInIndex = 0; path = "libPods-QonversionTests.a"; sourceTree = BUILT_PRODUCTS_DIR; };
		839DD50DB29B0AB311CD4074 /* Pods-QonversionTests.debug.xcconfig */ = {isa = PBXFileReference; includeInIndex = 1; lastKnownFileType = text.xcconfig; name = "Pods-QonversionTests.debug.xcconfig"; path = "Target Support Files/Pods-QonversionTests/Pods-QonversionTests.debug.xcconfig"; sourceTree = "<group>"; };
		B82EFA1145B6FD87B8EEEF6B /* Pods-QonversionTests.release.xcconfig */ = {isa = PBXFileReference; includeInIndex = 1; lastKnownFileType = text.xcconfig; name = "Pods-QonversionTests.release.xcconfig"; path = "Target Support Files/Pods-QonversionTests/Pods-QonversionTests.release.xcconfig"; sourceTree = "<group>"; };
/* End PBXFileReference section */

/* Begin PBXFrameworksBuildPhase section */
		459DAB66243E329F0011ECF3 /* Frameworks */ = {
			isa = PBXFrameworksBuildPhase;
			buildActionMask = 2147483647;
			files = (
			);
			runOnlyForDeploymentPostprocessing = 0;
		};
		459DAB6F243E329F0011ECF3 /* Frameworks */ = {
			isa = PBXFrameworksBuildPhase;
			buildActionMask = 2147483647;
			files = (
				459DAB73243E329F0011ECF3 /* Qonversion.framework in Frameworks */,
				3ACB2676C0929D7E1B7EBD35 /* libPods-QonversionTests.a in Frameworks */,
			);
			runOnlyForDeploymentPostprocessing = 0;
		};
/* End PBXFrameworksBuildPhase section */

/* Begin PBXGroup section */
		447A040961B196621A548033 /* Pods */ = {
			isa = PBXGroup;
			children = (
				839DD50DB29B0AB311CD4074 /* Pods-QonversionTests.debug.xcconfig */,
				B82EFA1145B6FD87B8EEEF6B /* Pods-QonversionTests.release.xcconfig */,
			);
			path = Pods;
			sourceTree = "<group>";
		};
		454BE20D247C2B78001FE771 /* Storage */ = {
			isa = PBXGroup;
			children = (
				45B19FEF2497D5E700AEF08E /* QUserDefaultsStorage */,
				454BE20E247C2B81001FE771 /* QInMemoryStorage */,
				454BE213247C2BCE001FE771 /* QLocalStorage.h */,
			);
			path = Storage;
			sourceTree = "<group>";
		};
		454BE20E247C2B81001FE771 /* QInMemoryStorage */ = {
			isa = PBXGroup;
			children = (
				454BE20F247C2BB4001FE771 /* QInMemoryStorage.h */,
				454BE210247C2BB4001FE771 /* QInMemoryStorage.m */,
			);
			path = QInMemoryStorage;
			sourceTree = "<group>";
		};
		454BE219247C2EF7001FE771 /* Storage */ = {
			isa = PBXGroup;
			children = (
				454BE21A247C2F0E001FE771 /* QInMemoryStorageTests.m */,
			);
			path = Storage;
			sourceTree = "<group>";
		};
		456ECD30249B823500D2BC40 /* QonversionPermission */ = {
			isa = PBXGroup;
			children = (
				456ECD31249B825D00D2BC40 /* QonversionPermission.h */,
				456ECD42249C8B0100D2BC40 /* QonversionPermission.m */,
				456ECD41249C76D400D2BC40 /* QonversionProduct.h */,
				458A8CC324B5E52D00637130 /* QonversionProduct+Protected.h */,
				456ECD44249C8B2000D2BC40 /* QonversionProduct.m */,
			);
			name = QonversionPermission;
			sourceTree = "<group>";
		};
		456ECD35249BB67600D2BC40 /* Network */ = {
			isa = PBXGroup;
			children = (
				456ECD36249BB68B00D2BC40 /* QRequestBuilderTests.m */,
			);
			path = Network;
			sourceTree = "<group>";
		};
		456ECD3C249BC97100D2BC40 /* QonversionLaunchResult */ = {
			isa = PBXGroup;
			children = (
				456ECD3D249BD10F00D2BC40 /* QonversionLaunchResult.h */,
				456ECD40249C75D400D2BC40 /* QonversionLaunchResult+Protected.h */,
				456ECD3E249C737500D2BC40 /* QonversionLaunchResult.m */,
			);
			name = QonversionLaunchResult;
			sourceTree = "<group>";
		};
		459DAB5F243E329F0011ECF3 = {
			isa = PBXGroup;
			children = (
				4531CBC724578D300022C422 /* Podfile */,
				459DAB84243E32C40011ECF3 /* Deployment */,
				459DABD3243E33C20011ECF3 /* Framework */,
				459DAB6B243E329F0011ECF3 /* Sources */,
				459DAB76243E329F0011ECF3 /* QonversionTests */,
				459DAB6A243E329F0011ECF3 /* Products */,
				447A040961B196621A548033 /* Pods */,
				BB6B3C9FD9EFBC9E1604507D /* Frameworks */,
			);
			indentWidth = 2;
			sourceTree = "<group>";
			tabWidth = 2;
		};
		459DAB6A243E329F0011ECF3 /* Products */ = {
			isa = PBXGroup;
			children = (
				459DAB69243E329F0011ECF3 /* Qonversion.framework */,
				459DAB72243E329F0011ECF3 /* QonversionTests.xctest */,
			);
			name = Products;
			sourceTree = "<group>";
		};
		459DAB6B243E329F0011ECF3 /* Sources */ = {
			isa = PBXGroup;
			children = (
				454BE20D247C2B78001FE771 /* Storage */,
				459DABEA243E35BC0011ECF3 /* Network */,
				459DABE2243E35BC0011ECF3 /* Helpers */,
				459DABE7243E35BC0011ECF3 /* Services */,
				459DABE1243E35BC0011ECF3 /* Qonversion.h */,
				459DABF4243E35BC0011ECF3 /* Qonversion.m */,
				4531CBBD245778110022C422 /* QDevice.h */,
				4531CBBE245778110022C422 /* QDevice.m */,
				4531CBC124577D770022C422 /* QConstants.h */,
				4531CBC224577D770022C422 /* QConstants.m */,
			);
			path = Sources;
			sourceTree = "<group>";
		};
		459DAB76243E329F0011ECF3 /* QonversionTests */ = {
			isa = PBXGroup;
			children = (
				456ECD35249BB67600D2BC40 /* Network */,
				454BE219247C2EF7001FE771 /* Storage */,
				459DAC0A243E4D420011ECF3 /* Helpers */,
				459DAC07243E4AF20011ECF3 /* Resources */,
				459DAC05243E49C20011ECF3 /* QonversionMapperTests.m */,
				45202188244DD02F00C1A928 /* QonversionTests.m */,
				459DAB79243E329F0011ECF3 /* Info.plist */,
				4531CBC5245789D40022C422 /* QDeviceTests.m */,
				4531CBC92457F6E00022C422 /* QUserInfoTests.m */,
				454BE22C247C3EDC001FE771 /* QonversionPropertiesTests.m */,
				4587136B24AB963100F4B418 /* QRequestSerializerTests.m */,
				458A8CCA24B9A3DF00637130 /* StoreKitServiceTests.m */,
			);
			path = QonversionTests;
			sourceTree = "<group>";
		};
		459DAB84243E32C40011ECF3 /* Deployment */ = {
			isa = PBXGroup;
			children = (
				45CC2EF1244085E4005CD107 /* .github */,
				459DAB9D243E33470011ECF3 /* fastlane */,
				459DAB98243E333C0011ECF3 /* LICENSE */,
				459DAB99243E333C0011ECF3 /* Qonversion.podspec */,
				459DAB97243E333C0011ECF3 /* README.md */,
			);
			name = Deployment;
			sourceTree = "<group>";
		};
		459DAB9D243E33470011ECF3 /* fastlane */ = {
			isa = PBXGroup;
			children = (
				459DAB9E243E33470011ECF3 /* test_output */,
				459DABA1243E33470011ECF3 /* Appfile */,
				459DABA2243E33470011ECF3 /* Fastfile */,
				459DABA3243E33470011ECF3 /* report.xml */,
			);
			path = fastlane;
			sourceTree = "<group>";
		};
		459DAB9E243E33470011ECF3 /* test_output */ = {
			isa = PBXGroup;
			children = (
				459DAB9F243E33470011ECF3 /* report.html */,
				459DABA0243E33470011ECF3 /* report.junit */,
			);
			path = test_output;
			sourceTree = "<group>";
		};
		459DABD3243E33C20011ECF3 /* Framework */ = {
			isa = PBXGroup;
			children = (
				459DABD4243E33C20011ECF3 /* Qonversion.xcconfig */,
				459DABD7243E33C20011ECF3 /* QonversionFramework.h */,
				459DABD8243E33C20011ECF3 /* Qonversion.modulemap */,
				459DABDA243E33C20011ECF3 /* Info.plist */,
			);
			path = Framework;
			sourceTree = "<group>";
		};
		459DABE2243E35BC0011ECF3 /* Helpers */ = {
			isa = PBXGroup;
			children = (
				454BE228247C3E72001FE771 /* QonversionProperties.h */,
				454BE229247C3E72001FE771 /* QonversionProperties.m */,
				459DABE5243E35BC0011ECF3 /* UserInfo.h */,
				459DABE3243E35BC0011ECF3 /* UserInfo.m */,
				459DABE4243E35BC0011ECF3 /* Keychain.h */,
				459DABE6243E35BC0011ECF3 /* Keychain.m */,
				454BE22E247C4AD8001FE771 /* QUtils.h */,
				454BE22F247C4AD8001FE771 /* QUtils.m */,
				458A8CB624B1EFE500637130 /* QErrors.h */,
				458A8CBC24B4B88F00637130 /* StoreKitSugare.h */,
				458A8CBD24B4B88F00637130 /* StoreKitSugare.m */,
			);
			path = Helpers;
			sourceTree = "<group>";
		};
		459DABE7243E35BC0011ECF3 /* Services */ = {
			isa = PBXGroup;
			children = (
				459DABE8243E35BC0011ECF3 /* Keeper.h */,
				459DABE9243E35BC0011ECF3 /* Keeper.m */,
				458A8CC624B8407B00637130 /* StoreKitService.h */,
				458A8CC724B8407B00637130 /* StoreKitService.m */,
			);
			path = Services;
			sourceTree = "<group>";
		};
		459DABEA243E35BC0011ECF3 /* Network */ = {
			isa = PBXGroup;
			children = (
				459DABEC243E35BC0011ECF3 /* Models */,
				459DABEB243E35BC0011ECF3 /* QonversionMapper.m */,
				459DABF3243E35BC0011ECF3 /* QonversionMapper.h */,
				456ECD32249B8FE000D2BC40 /* QRequestBuilder.h */,
				456ECD33249B901900D2BC40 /* QRequestBuilder.m */,
				456ECD3A249BBF9A00D2BC40 /* QRequestSerializer.h */,
				456ECD38249BBF3E00D2BC40 /* QRequestSerializer.m */,
			);
			path = Network;
			sourceTree = "<group>";
		};
		459DABEC243E35BC0011ECF3 /* Models */ = {
			isa = PBXGroup;
			children = (
				456ECD3C249BC97100D2BC40 /* QonversionLaunchResult */,
				456ECD30249B823500D2BC40 /* QonversionPermission */,
			);
			path = Models;
			sourceTree = "<group>";
		};
		459DAC07243E4AF20011ECF3 /* Resources */ = {
			isa = PBXGroup;
			children = (
				459DAC0E243E4E530011ECF3 /* Stubs */,
			);
			path = Resources;
			sourceTree = "<group>";
		};
		459DAC0A243E4D420011ECF3 /* Helpers */ = {
			isa = PBXGroup;
			children = (
				459DAC0B243E4D610011ECF3 /* XCTestCase+TestJSON.h */,
				459DAC0C243E4D610011ECF3 /* XCTestCase+TestJSON.m */,
			);
			path = Helpers;
			sourceTree = "<group>";
		};
		459DAC0E243E4E530011ECF3 /* Stubs */ = {
			isa = PBXGroup;
			children = (
				456ECD48249CA28300D2BC40 /* init_failed_state.json */,
				456ECD46249C8EEE00D2BC40 /* init.json */,
				45CC2EEF24407737005CD107 /* check_failed_state.json */,
			);
			path = Stubs;
			sourceTree = "<group>";
		};
		45B19FEF2497D5E700AEF08E /* QUserDefaultsStorage */ = {
			isa = PBXGroup;
			children = (
				45B19FF02497D5FE00AEF08E /* QUserDefaultsStorage.m */,
				45B19FF22497D64500AEF08E /* QUserDefaultsStorage.h */,
			);
			path = QUserDefaultsStorage;
			sourceTree = "<group>";
		};
		45CC2EF1244085E4005CD107 /* .github */ = {
			isa = PBXGroup;
			children = (
				45CC2EF2244085E4005CD107 /* workflows */,
			);
			path = .github;
			sourceTree = "<group>";
		};
		45CC2EF2244085E4005CD107 /* workflows */ = {
			isa = PBXGroup;
			children = (
				45CC2EF4244085E4005CD107 /* tests.yml */,
			);
			path = workflows;
			sourceTree = "<group>";
		};
		BB6B3C9FD9EFBC9E1604507D /* Frameworks */ = {
			isa = PBXGroup;
			children = (
				6D20F2CD8AEC1ED86B5F788D /* libPods-QonversionTests.a */,
			);
			name = Frameworks;
			sourceTree = "<group>";
		};
/* End PBXGroup section */

/* Begin PBXHeadersBuildPhase section */
		459DAB64243E329F0011ECF3 /* Headers */ = {
			isa = PBXHeadersBuildPhase;
			buildActionMask = 2147483647;
			files = (
				454BE230247C4AD8001FE771 /* QUtils.h in Headers */,
				4531CBC324577D770022C422 /* QConstants.h in Headers */,
				459DABFA243E35BC0011ECF3 /* Keeper.h in Headers */,
				459DAC03243E35BC0011ECF3 /* QonversionMapper.h in Headers */,
				459DABF7243E35BC0011ECF3 /* Keychain.h in Headers */,
				454BE211247C2BB4001FE771 /* QInMemoryStorage.h in Headers */,
				459DABF5243E35BC0011ECF3 /* Qonversion.h in Headers */,
				458A8CC424B5E52D00637130 /* QonversionProduct+Protected.h in Headers */,
				459DABF8243E35BC0011ECF3 /* UserInfo.h in Headers */,
				458A8CC224B5E50F00637130 /* QonversionPermission.h in Headers */,
				4531CBBF245778110022C422 /* QDevice.h in Headers */,
				454BE22A247C3E72001FE771 /* QonversionProperties.h in Headers */,
				459DABDE243E33C20011ECF3 /* QonversionFramework.h in Headers */,
				458A8CB724B1F5F600637130 /* QErrors.h in Headers */,
				456ECD3B249BBF9A00D2BC40 /* QRequestSerializer.h in Headers */,
				458A8CC124B5E50A00637130 /* QonversionProduct.h in Headers */,
				458A8CC824B8407C00637130 /* StoreKitService.h in Headers */,
				458A8CBE24B4B88F00637130 /* StoreKitSugare.h in Headers */,
			);
			runOnlyForDeploymentPostprocessing = 0;
		};
/* End PBXHeadersBuildPhase section */

/* Begin PBXNativeTarget section */
		459DAB68243E329F0011ECF3 /* Qonversion */ = {
			isa = PBXNativeTarget;
			buildConfigurationList = 459DAB7D243E329F0011ECF3 /* Build configuration list for PBXNativeTarget "Qonversion" */;
			buildPhases = (
				459DAB64243E329F0011ECF3 /* Headers */,
				459DAB65243E329F0011ECF3 /* Sources */,
				459DAB66243E329F0011ECF3 /* Frameworks */,
				459DAB67243E329F0011ECF3 /* Resources */,
			);
			buildRules = (
			);
			dependencies = (
			);
			name = Qonversion;
			productName = Qonversion;
			productReference = 459DAB69243E329F0011ECF3 /* Qonversion.framework */;
			productType = "com.apple.product-type.framework";
		};
		459DAB71243E329F0011ECF3 /* QonversionTests */ = {
			isa = PBXNativeTarget;
			buildConfigurationList = 459DAB80243E329F0011ECF3 /* Build configuration list for PBXNativeTarget "QonversionTests" */;
			buildPhases = (
				4945990BF7B398C30136F96F /* [CP] Check Pods Manifest.lock */,
				459DAB6E243E329F0011ECF3 /* Sources */,
				459DAB6F243E329F0011ECF3 /* Frameworks */,
				459DAB70243E329F0011ECF3 /* Resources */,
			);
			buildRules = (
			);
			dependencies = (
				459DAB75243E329F0011ECF3 /* PBXTargetDependency */,
			);
			name = QonversionTests;
			productName = QonversionTests;
			productReference = 459DAB72243E329F0011ECF3 /* QonversionTests.xctest */;
			productType = "com.apple.product-type.bundle.unit-test";
		};
/* End PBXNativeTarget section */

/* Begin PBXProject section */
		459DAB60243E329F0011ECF3 /* Project object */ = {
			isa = PBXProject;
			attributes = {
				LastUpgradeCheck = 1130;
				ORGANIZATIONNAME = qonverison;
				TargetAttributes = {
					459DAB68243E329F0011ECF3 = {
						CreatedOnToolsVersion = 11.3.1;
						LastSwiftMigration = 1140;
					};
					459DAB71243E329F0011ECF3 = {
						CreatedOnToolsVersion = 11.3.1;
					};
				};
			};
			buildConfigurationList = 459DAB63243E329F0011ECF3 /* Build configuration list for PBXProject "Qonversion" */;
			compatibilityVersion = "Xcode 9.3";
			developmentRegion = en;
			hasScannedForEncodings = 0;
			knownRegions = (
				en,
			);
			mainGroup = 459DAB5F243E329F0011ECF3;
			productRefGroup = 459DAB6A243E329F0011ECF3 /* Products */;
			projectDirPath = "";
			projectRoot = "";
			targets = (
				459DAB68243E329F0011ECF3 /* Qonversion */,
				459DAB71243E329F0011ECF3 /* QonversionTests */,
			);
		};
/* End PBXProject section */

/* Begin PBXResourcesBuildPhase section */
		459DAB67243E329F0011ECF3 /* Resources */ = {
			isa = PBXResourcesBuildPhase;
			buildActionMask = 2147483647;
			files = (
				4531CBC824578D300022C422 /* Podfile in Resources */,
				459DAB9A243E333C0011ECF3 /* README.md in Resources */,
				459DABA6243E33470011ECF3 /* Appfile in Resources */,
				459DABA8243E33470011ECF3 /* report.xml in Resources */,
				459DABA5243E33470011ECF3 /* report.junit in Resources */,
				459DAB9C243E333C0011ECF3 /* Qonversion.podspec in Resources */,
				459DABA7243E33470011ECF3 /* Fastfile in Resources */,
				459DABDB243E33C20011ECF3 /* Qonversion.xcconfig in Resources */,
				459DAB9B243E333C0011ECF3 /* LICENSE in Resources */,
				459DABA4243E33470011ECF3 /* report.html in Resources */,
			);
			runOnlyForDeploymentPostprocessing = 0;
		};
		459DAB70243E329F0011ECF3 /* Resources */ = {
			isa = PBXResourcesBuildPhase;
			buildActionMask = 2147483647;
			files = (
				456ECD49249CA28300D2BC40 /* init_failed_state.json in Resources */,
				45CC2EF024407737005CD107 /* check_failed_state.json in Resources */,
				456ECD47249C8EEE00D2BC40 /* init.json in Resources */,
			);
			runOnlyForDeploymentPostprocessing = 0;
		};
/* End PBXResourcesBuildPhase section */

/* Begin PBXShellScriptBuildPhase section */
		4945990BF7B398C30136F96F /* [CP] Check Pods Manifest.lock */ = {
			isa = PBXShellScriptBuildPhase;
			buildActionMask = 2147483647;
			files = (
			);
			inputFileListPaths = (
			);
			inputPaths = (
				"${PODS_PODFILE_DIR_PATH}/Podfile.lock",
				"${PODS_ROOT}/Manifest.lock",
			);
			name = "[CP] Check Pods Manifest.lock";
			outputFileListPaths = (
			);
			outputPaths = (
				"$(DERIVED_FILE_DIR)/Pods-QonversionTests-checkManifestLockResult.txt",
			);
			runOnlyForDeploymentPostprocessing = 0;
			shellPath = /bin/sh;
			shellScript = "diff \"${PODS_PODFILE_DIR_PATH}/Podfile.lock\" \"${PODS_ROOT}/Manifest.lock\" > /dev/null\nif [ $? != 0 ] ; then\n    # print error to STDERR\n    echo \"error: The sandbox is not in sync with the Podfile.lock. Run 'pod install' or update your CocoaPods installation.\" >&2\n    exit 1\nfi\n# This output is used by Xcode 'outputs' to avoid re-running this script phase.\necho \"SUCCESS\" > \"${SCRIPT_OUTPUT_FILE_0}\"\n";
			showEnvVarsInLog = 0;
		};
/* End PBXShellScriptBuildPhase section */

/* Begin PBXSourcesBuildPhase section */
		459DAB65243E329F0011ECF3 /* Sources */ = {
			isa = PBXSourcesBuildPhase;
			buildActionMask = 2147483647;
			files = (
				456ECD45249C8B2000D2BC40 /* QonversionProduct.m in Sources */,
				456ECD39249BBF3E00D2BC40 /* QRequestSerializer.m in Sources */,
				454BE231247C4AD8001FE771 /* QUtils.m in Sources */,
				456ECD3F249C737500D2BC40 /* QonversionLaunchResult.m in Sources */,
				454BE22B247C3E72001FE771 /* QonversionProperties.m in Sources */,
				459DABF6243E35BC0011ECF3 /* UserInfo.m in Sources */,
				459DAC04243E35BC0011ECF3 /* Qonversion.m in Sources */,
				459DABFB243E35BC0011ECF3 /* Keeper.m in Sources */,
				456ECD43249C8B0100D2BC40 /* QonversionPermission.m in Sources */,
				45B19FF12497D5FE00AEF08E /* QUserDefaultsStorage.m in Sources */,
				454BE212247C2BB4001FE771 /* QInMemoryStorage.m in Sources */,
				4531CBC0245778110022C422 /* QDevice.m in Sources */,
				459DABFC243E35BC0011ECF3 /* QonversionMapper.m in Sources */,
				456ECD34249B901900D2BC40 /* QRequestBuilder.m in Sources */,
				458A8CBF24B4B88F00637130 /* StoreKitSugare.m in Sources */,
				4531CBC424577D770022C422 /* QConstants.m in Sources */,
				458A8CC924B8407C00637130 /* StoreKitService.m in Sources */,
				459DABF9243E35BC0011ECF3 /* Keychain.m in Sources */,
			);
			runOnlyForDeploymentPostprocessing = 0;
		};
		459DAB6E243E329F0011ECF3 /* Sources */ = {
			isa = PBXSourcesBuildPhase;
			buildActionMask = 2147483647;
			files = (
				459DAC0D243E4D610011ECF3 /* XCTestCase+TestJSON.m in Sources */,
				454BE21B247C2F0E001FE771 /* QInMemoryStorageTests.m in Sources */,
				4587136C24AB963100F4B418 /* QRequestSerializerTests.m in Sources */,
				454BE22D247C3EDC001FE771 /* QonversionPropertiesTests.m in Sources */,
				458A8CCB24B9A3DF00637130 /* StoreKitServiceTests.m in Sources */,
				4531CBC6245789D40022C422 /* QDeviceTests.m in Sources */,
				4531CBCB24581BD80022C422 /* QUserInfoTests.m in Sources */,
				456ECD37249BB68B00D2BC40 /* QRequestBuilderTests.m in Sources */,
				45202189244DD02F00C1A928 /* QonversionTests.m in Sources */,
				459DAC06243E49C20011ECF3 /* QonversionMapperTests.m in Sources */,
			);
			runOnlyForDeploymentPostprocessing = 0;
		};
/* End PBXSourcesBuildPhase section */

/* Begin PBXTargetDependency section */
		459DAB75243E329F0011ECF3 /* PBXTargetDependency */ = {
			isa = PBXTargetDependency;
			target = 459DAB68243E329F0011ECF3 /* Qonversion */;
			targetProxy = 459DAB74243E329F0011ECF3 /* PBXContainerItemProxy */;
		};
/* End PBXTargetDependency section */

/* Begin XCBuildConfiguration section */
		459DAB7B243E329F0011ECF3 /* Debug */ = {
			isa = XCBuildConfiguration;
			buildSettings = {
				ALWAYS_SEARCH_USER_PATHS = NO;
				CLANG_ANALYZER_NONNULL = YES;
				CLANG_ANALYZER_NUMBER_OBJECT_CONVERSION = YES_AGGRESSIVE;
				CLANG_CXX_LANGUAGE_STANDARD = "gnu++14";
				CLANG_CXX_LIBRARY = "libc++";
				CLANG_ENABLE_MODULES = YES;
				CLANG_ENABLE_OBJC_ARC = YES;
				CLANG_ENABLE_OBJC_WEAK = YES;
				CLANG_WARN_BLOCK_CAPTURE_AUTORELEASING = YES;
				CLANG_WARN_BOOL_CONVERSION = YES;
				CLANG_WARN_COMMA = YES;
				CLANG_WARN_CONSTANT_CONVERSION = YES;
				CLANG_WARN_DEPRECATED_OBJC_IMPLEMENTATIONS = YES;
				CLANG_WARN_DIRECT_OBJC_ISA_USAGE = YES_ERROR;
				CLANG_WARN_DOCUMENTATION_COMMENTS = YES;
				CLANG_WARN_EMPTY_BODY = YES;
				CLANG_WARN_ENUM_CONVERSION = YES;
				CLANG_WARN_INFINITE_RECURSION = YES;
				CLANG_WARN_INT_CONVERSION = YES;
				CLANG_WARN_NON_LITERAL_NULL_CONVERSION = YES;
				CLANG_WARN_OBJC_IMPLICIT_RETAIN_SELF = YES;
				CLANG_WARN_OBJC_LITERAL_CONVERSION = YES;
				CLANG_WARN_OBJC_ROOT_CLASS = YES_ERROR;
				CLANG_WARN_RANGE_LOOP_ANALYSIS = YES;
				CLANG_WARN_STRICT_PROTOTYPES = YES;
				CLANG_WARN_SUSPICIOUS_MOVE = YES;
				CLANG_WARN_UNGUARDED_AVAILABILITY = YES_AGGRESSIVE;
				CLANG_WARN_UNREACHABLE_CODE = YES;
				CLANG_WARN__DUPLICATE_METHOD_MATCH = YES;
				COPY_PHASE_STRIP = NO;
				CURRENT_PROJECT_VERSION = 1;
				DEBUG_INFORMATION_FORMAT = dwarf;
				ENABLE_STRICT_OBJC_MSGSEND = YES;
				ENABLE_TESTABILITY = YES;
				GCC_C_LANGUAGE_STANDARD = gnu11;
				GCC_DYNAMIC_NO_PIC = NO;
				GCC_NO_COMMON_BLOCKS = YES;
				GCC_OPTIMIZATION_LEVEL = 0;
				GCC_PREPROCESSOR_DEFINITIONS = (
					"DEBUG=1",
					"$(inherited)",
				);
				GCC_WARN_64_TO_32_BIT_CONVERSION = YES;
				GCC_WARN_ABOUT_RETURN_TYPE = YES_ERROR;
				GCC_WARN_UNDECLARED_SELECTOR = YES;
				GCC_WARN_UNINITIALIZED_AUTOS = YES_AGGRESSIVE;
				GCC_WARN_UNUSED_FUNCTION = YES;
				GCC_WARN_UNUSED_VARIABLE = YES;
				IPHONEOS_DEPLOYMENT_TARGET = 9.0;
				MTL_ENABLE_DEBUG_INFO = INCLUDE_SOURCE;
				MTL_FAST_MATH = YES;
				ONLY_ACTIVE_ARCH = YES;
				SDKROOT = iphoneos;
				VERSIONING_SYSTEM = "apple-generic";
				VERSION_INFO_PREFIX = "";
			};
			name = Debug;
		};
		459DAB7C243E329F0011ECF3 /* Release */ = {
			isa = XCBuildConfiguration;
			buildSettings = {
				ALWAYS_SEARCH_USER_PATHS = NO;
				CLANG_ANALYZER_NONNULL = YES;
				CLANG_ANALYZER_NUMBER_OBJECT_CONVERSION = YES_AGGRESSIVE;
				CLANG_CXX_LANGUAGE_STANDARD = "gnu++14";
				CLANG_CXX_LIBRARY = "libc++";
				CLANG_ENABLE_MODULES = YES;
				CLANG_ENABLE_OBJC_ARC = YES;
				CLANG_ENABLE_OBJC_WEAK = YES;
				CLANG_WARN_BLOCK_CAPTURE_AUTORELEASING = YES;
				CLANG_WARN_BOOL_CONVERSION = YES;
				CLANG_WARN_COMMA = YES;
				CLANG_WARN_CONSTANT_CONVERSION = YES;
				CLANG_WARN_DEPRECATED_OBJC_IMPLEMENTATIONS = YES;
				CLANG_WARN_DIRECT_OBJC_ISA_USAGE = YES_ERROR;
				CLANG_WARN_DOCUMENTATION_COMMENTS = YES;
				CLANG_WARN_EMPTY_BODY = YES;
				CLANG_WARN_ENUM_CONVERSION = YES;
				CLANG_WARN_INFINITE_RECURSION = YES;
				CLANG_WARN_INT_CONVERSION = YES;
				CLANG_WARN_NON_LITERAL_NULL_CONVERSION = YES;
				CLANG_WARN_OBJC_IMPLICIT_RETAIN_SELF = YES;
				CLANG_WARN_OBJC_LITERAL_CONVERSION = YES;
				CLANG_WARN_OBJC_ROOT_CLASS = YES_ERROR;
				CLANG_WARN_RANGE_LOOP_ANALYSIS = YES;
				CLANG_WARN_STRICT_PROTOTYPES = YES;
				CLANG_WARN_SUSPICIOUS_MOVE = YES;
				CLANG_WARN_UNGUARDED_AVAILABILITY = YES_AGGRESSIVE;
				CLANG_WARN_UNREACHABLE_CODE = YES;
				CLANG_WARN__DUPLICATE_METHOD_MATCH = YES;
				COPY_PHASE_STRIP = NO;
				CURRENT_PROJECT_VERSION = 1;
				DEBUG_INFORMATION_FORMAT = "dwarf-with-dsym";
				ENABLE_NS_ASSERTIONS = NO;
				ENABLE_STRICT_OBJC_MSGSEND = YES;
				GCC_C_LANGUAGE_STANDARD = gnu11;
				GCC_NO_COMMON_BLOCKS = YES;
				GCC_WARN_64_TO_32_BIT_CONVERSION = YES;
				GCC_WARN_ABOUT_RETURN_TYPE = YES_ERROR;
				GCC_WARN_UNDECLARED_SELECTOR = YES;
				GCC_WARN_UNINITIALIZED_AUTOS = YES_AGGRESSIVE;
				GCC_WARN_UNUSED_FUNCTION = YES;
				GCC_WARN_UNUSED_VARIABLE = YES;
				IPHONEOS_DEPLOYMENT_TARGET = 9.0;
				MTL_ENABLE_DEBUG_INFO = NO;
				MTL_FAST_MATH = YES;
				SDKROOT = iphoneos;
				VALIDATE_PRODUCT = YES;
				VERSIONING_SYSTEM = "apple-generic";
				VERSION_INFO_PREFIX = "";
			};
			name = Release;
		};
		459DAB7E243E329F0011ECF3 /* Debug */ = {
			isa = XCBuildConfiguration;
			buildSettings = {
				CLANG_ENABLE_MODULES = YES;
				CODE_SIGN_STYLE = Automatic;
				DEFINES_MODULE = YES;
				DYLIB_COMPATIBILITY_VERSION = 1;
				DYLIB_CURRENT_VERSION = 1;
				DYLIB_INSTALL_NAME_BASE = "@rpath";
				GCC_WARN_INHIBIT_ALL_WARNINGS = YES;
				GCC_WARN_PEDANTIC = NO;
				INFOPLIST_FILE = Framework/Info.plist;
				INSTALL_PATH = "$(LOCAL_LIBRARY_DIR)/Frameworks";
				IPHONEOS_DEPLOYMENT_TARGET = 9.0;
				LD_RUNPATH_SEARCH_PATHS = (
					"$(inherited)",
					"@executable_path/Frameworks",
					"@loader_path/Frameworks",
				);
				MARKETING_VERSION = 1.3.0;
				MODULEMAP_FILE = Framework/Qonversion.modulemap;
				PRODUCT_BUNDLE_IDENTIFIER = com.qonversion.Qonversion;
				PRODUCT_NAME = "$(TARGET_NAME:c99extidentifier)";
				SKIP_INSTALL = YES;
				SUPPORTS_MACCATALYST = YES;
				SWIFT_OPTIMIZATION_LEVEL = "-Onone";
				SWIFT_VERSION = 5.0;
				TARGETED_DEVICE_FAMILY = "1,2";
			};
			name = Debug;
		};
		459DAB7F243E329F0011ECF3 /* Release */ = {
			isa = XCBuildConfiguration;
			buildSettings = {
				CLANG_ENABLE_MODULES = YES;
				CODE_SIGN_STYLE = Automatic;
				DEFINES_MODULE = YES;
				DYLIB_COMPATIBILITY_VERSION = 1;
				DYLIB_CURRENT_VERSION = 1;
				DYLIB_INSTALL_NAME_BASE = "@rpath";
				GCC_WARN_INHIBIT_ALL_WARNINGS = YES;
				GCC_WARN_PEDANTIC = NO;
				INFOPLIST_FILE = Framework/Info.plist;
				INSTALL_PATH = "$(LOCAL_LIBRARY_DIR)/Frameworks";
				IPHONEOS_DEPLOYMENT_TARGET = 9.0;
				LD_RUNPATH_SEARCH_PATHS = (
					"$(inherited)",
					"@executable_path/Frameworks",
					"@loader_path/Frameworks",
				);
				MARKETING_VERSION = 1.3.0;
				MODULEMAP_FILE = Framework/Qonversion.modulemap;
				PRODUCT_BUNDLE_IDENTIFIER = com.qonversion.Qonversion;
				PRODUCT_NAME = "$(TARGET_NAME:c99extidentifier)";
				SKIP_INSTALL = YES;
				SUPPORTS_MACCATALYST = YES;
				SWIFT_VERSION = 5.0;
				TARGETED_DEVICE_FAMILY = "1,2";
			};
			name = Release;
		};
		459DAB81243E329F0011ECF3 /* Debug */ = {
			isa = XCBuildConfiguration;
			baseConfigurationReference = 839DD50DB29B0AB311CD4074 /* Pods-QonversionTests.debug.xcconfig */;
			buildSettings = {
				CODE_SIGN_IDENTITY = "Apple Development";
				"CODE_SIGN_IDENTITY[sdk=macosx*]" = "-";
				CODE_SIGN_STYLE = Manual;
				DEVELOPMENT_TEAM = "";
				INFOPLIST_FILE = QonversionTests/Info.plist;
				LD_RUNPATH_SEARCH_PATHS = (
					"$(inherited)",
					"@executable_path/Frameworks",
					"@loader_path/Frameworks",
				);
				PRODUCT_BUNDLE_IDENTIFIER = com.QonversionTests;
				PRODUCT_NAME = "$(TARGET_NAME)";
				PROVISIONING_PROFILE_SPECIFIER = "";
				"PROVISIONING_PROFILE_SPECIFIER[sdk=macosx*]" = "";
				TARGETED_DEVICE_FAMILY = "1,2";
			};
			name = Debug;
		};
		459DAB82243E329F0011ECF3 /* Release */ = {
			isa = XCBuildConfiguration;
			baseConfigurationReference = B82EFA1145B6FD87B8EEEF6B /* Pods-QonversionTests.release.xcconfig */;
			buildSettings = {
				CODE_SIGN_IDENTITY = "Apple Development";
				"CODE_SIGN_IDENTITY[sdk=macosx*]" = "-";
				CODE_SIGN_STYLE = Manual;
				DEVELOPMENT_TEAM = "";
				INFOPLIST_FILE = QonversionTests/Info.plist;
				LD_RUNPATH_SEARCH_PATHS = (
					"$(inherited)",
					"@executable_path/Frameworks",
					"@loader_path/Frameworks",
				);
				PRODUCT_BUNDLE_IDENTIFIER = com.QonversionTests;
				PRODUCT_NAME = "$(TARGET_NAME)";
				PROVISIONING_PROFILE_SPECIFIER = "";
				"PROVISIONING_PROFILE_SPECIFIER[sdk=macosx*]" = "";
				TARGETED_DEVICE_FAMILY = "1,2";
			};
			name = Release;
		};
/* End XCBuildConfiguration section */

/* Begin XCConfigurationList section */
		459DAB63243E329F0011ECF3 /* Build configuration list for PBXProject "Qonversion" */ = {
			isa = XCConfigurationList;
			buildConfigurations = (
				459DAB7B243E329F0011ECF3 /* Debug */,
				459DAB7C243E329F0011ECF3 /* Release */,
			);
			defaultConfigurationIsVisible = 0;
			defaultConfigurationName = Release;
		};
		459DAB7D243E329F0011ECF3 /* Build configuration list for PBXNativeTarget "Qonversion" */ = {
			isa = XCConfigurationList;
			buildConfigurations = (
				459DAB7E243E329F0011ECF3 /* Debug */,
				459DAB7F243E329F0011ECF3 /* Release */,
			);
			defaultConfigurationIsVisible = 0;
			defaultConfigurationName = Release;
		};
		459DAB80243E329F0011ECF3 /* Build configuration list for PBXNativeTarget "QonversionTests" */ = {
			isa = XCConfigurationList;
			buildConfigurations = (
				459DAB81243E329F0011ECF3 /* Debug */,
				459DAB82243E329F0011ECF3 /* Release */,
			);
			defaultConfigurationIsVisible = 0;
			defaultConfigurationName = Release;
		};
/* End XCConfigurationList section */
	};
	rootObject = 459DAB60243E329F0011ECF3 /* Project object */;
}
