// !$*UTF8*$!
{
	archiveVersion = 1;
	classes = {
	};
	objectVersion = 50;
	objects = {

/* Begin PBXBuildFile section */
		454EF63F24E5CC580070581E /* AppDelegate.swift in Sources */ = {isa = PBXBuildFile; fileRef = 454EF63E24E5CC580070581E /* AppDelegate.swift */; };
		454EF64324E5CC590070581E /* ViewController.swift in Sources */ = {isa = PBXBuildFile; fileRef = 454EF64224E5CC590070581E /* ViewController.swift */; };
		454EF64624E5CC590070581E /* Main.storyboard in Resources */ = {isa = PBXBuildFile; fileRef = 454EF64424E5CC590070581E /* Main.storyboard */; };
		454EF64824E5CC5A0070581E /* Assets.xcassets in Resources */ = {isa = PBXBuildFile; fileRef = 454EF64724E5CC5A0070581E /* Assets.xcassets */; };
		454EF64B24E5CC5A0070581E /* LaunchScreen.storyboard in Resources */ = {isa = PBXBuildFile; fileRef = 454EF64924E5CC5A0070581E /* LaunchScreen.storyboard */; };
		45754AE725814C7500FCA376 /* iAd.framework in Frameworks */ = {isa = PBXBuildFile; fileRef = 45754AE625814C7500FCA376 /* iAd.framework */; };
		70D9CBDD2B0240BC003F1878 /* Podfile in Resources */ = {isa = PBXBuildFile; fileRef = 70D9CBDC2B0240BC003F1878 /* Podfile */; };
		891ECE0B2773614600DF6A56 /* AdServices.framework in Frameworks */ = {isa = PBXBuildFile; fileRef = 891ECE0927734B8900DF6A56 /* AdServices.framework */; };
		894278822759334D00A8A6EC /* GoogleService-Info.plist in Resources */ = {isa = PBXBuildFile; fileRef = 894278812759334D00A8A6EC /* GoogleService-Info.plist */; };
		A2649CD29A7FDF280A2EC27C /* Pods_Sample.framework in Frameworks */ = {isa = PBXBuildFile; fileRef = E902AE0A2A73461C22DE146A /* Pods_Sample.framework */; };
/* End PBXBuildFile section */

/* Begin PBXCopyFilesBuildPhase section */
		895733BB26DFDD6C009507A6 /* Embed Frameworks */ = {
			isa = PBXCopyFilesBuildPhase;
			buildActionMask = 2147483647;
			dstPath = "";
			dstSubfolderSpec = 10;
			files = (
			);
			name = "Embed Frameworks";
			runOnlyForDeploymentPostprocessing = 0;
		};
/* End PBXCopyFilesBuildPhase section */

/* Begin PBXFileReference section */
		13844A737C5779AEEAD10EB9 /* Pods-Sample.debug.xcconfig */ = {isa = PBXFileReference; includeInIndex = 1; lastKnownFileType = text.xcconfig; name = "Pods-Sample.debug.xcconfig"; path = "Target Support Files/Pods-Sample/Pods-Sample.debug.xcconfig"; sourceTree = "<group>"; };
		420D8FEF3C704502C737C449 /* Pods-QonversionTests.debug.xcconfig */ = {isa = PBXFileReference; includeInIndex = 1; lastKnownFileType = text.xcconfig; name = "Pods-QonversionTests.debug.xcconfig"; path = "Target Support Files/Pods-QonversionTests/Pods-QonversionTests.debug.xcconfig"; sourceTree = "<group>"; };
		4502E451257FDF5E006FC750 /* OCMock.framework */ = {isa = PBXFileReference; lastKnownFileType = wrapper.framework; name = OCMock.framework; path = "../../../../Volumes/OCMock 3.7.1/macOS/OCMock.framework"; sourceTree = "<group>"; };
		4502E457257FDF90006FC750 /* OCMock.framework */ = {isa = PBXFileReference; lastKnownFileType = wrapper.framework; name = OCMock.framework; path = "../../../../Volumes/OCMock 3.7.1/iOS framework/OCMock.framework"; sourceTree = "<group>"; };
		454EF63C24E5CC580070581E /* Sample.app */ = {isa = PBXFileReference; explicitFileType = wrapper.application; includeInIndex = 0; path = Sample.app; sourceTree = BUILT_PRODUCTS_DIR; };
		454EF63E24E5CC580070581E /* AppDelegate.swift */ = {isa = PBXFileReference; lastKnownFileType = sourcecode.swift; path = AppDelegate.swift; sourceTree = "<group>"; };
		454EF64224E5CC590070581E /* ViewController.swift */ = {isa = PBXFileReference; lastKnownFileType = sourcecode.swift; path = ViewController.swift; sourceTree = "<group>"; };
		454EF64524E5CC590070581E /* Base */ = {isa = PBXFileReference; lastKnownFileType = file.storyboard; name = Base; path = Base.lproj/Main.storyboard; sourceTree = "<group>"; };
		454EF64724E5CC5A0070581E /* Assets.xcassets */ = {isa = PBXFileReference; lastKnownFileType = folder.assetcatalog; path = Assets.xcassets; sourceTree = "<group>"; };
		454EF64A24E5CC5A0070581E /* Base */ = {isa = PBXFileReference; lastKnownFileType = file.storyboard; name = Base; path = Base.lproj/LaunchScreen.storyboard; sourceTree = "<group>"; };
		454EF64C24E5CC5A0070581E /* Info.plist */ = {isa = PBXFileReference; lastKnownFileType = text.plist.xml; path = Info.plist; sourceTree = "<group>"; };
		456215C8257D6AF800548A3D /* Sample.entitlements */ = {isa = PBXFileReference; lastKnownFileType = text.plist.entitlements; path = Sample.entitlements; sourceTree = "<group>"; };
		45754AE625814C7500FCA376 /* iAd.framework */ = {isa = PBXFileReference; lastKnownFileType = wrapper.framework; name = iAd.framework; path = Platforms/MacOSX.platform/Developer/SDKs/MacOSX11.0.sdk/System/iOSSupport/System/Library/Frameworks/iAd.framework; sourceTree = DEVELOPER_DIR; };
		7052136F29F1807A00164AAF /* PurchasesMapper.swift */ = {isa = PBXFileReference; lastKnownFileType = sourcecode.swift; path = PurchasesMapper.swift; sourceTree = "<group>"; };
		70D9CBDC2B0240BC003F1878 /* Podfile */ = {isa = PBXFileReference; fileEncoding = 4; lastKnownFileType = text; path = Podfile; sourceTree = "<group>"; xcLanguageSpecificationIdentifier = xcode.lang.ruby; };
		891ECE0927734B8900DF6A56 /* AdServices.framework */ = {isa = PBXFileReference; lastKnownFileType = wrapper.framework; name = AdServices.framework; path = Platforms/MacOSX.platform/Developer/SDKs/MacOSX12.1.sdk/System/Library/Frameworks/AdServices.framework; sourceTree = DEVELOPER_DIR; };
		894278812759334D00A8A6EC /* GoogleService-Info.plist */ = {isa = PBXFileReference; fileEncoding = 4; lastKnownFileType = text.plist.xml; path = "GoogleService-Info.plist"; sourceTree = "<group>"; };
		894278832759351C00A8A6EC /* GoogleSignIn.framework */ = {isa = PBXFileReference; explicitFileType = wrapper.framework; path = GoogleSignIn.framework; sourceTree = BUILT_PRODUCTS_DIR; };
		89713B4625C1B95700A2448E /* UIKit.framework */ = {isa = PBXFileReference; lastKnownFileType = wrapper.framework; name = UIKit.framework; path = Platforms/MacOSX.platform/Developer/SDKs/MacOSX11.1.sdk/System/iOSSupport/System/Library/Frameworks/UIKit.framework; sourceTree = DEVELOPER_DIR; };
		89713B4A25C1BA1F00A2448E /* WebKit.framework */ = {isa = PBXFileReference; lastKnownFileType = wrapper.framework; name = WebKit.framework; path = Platforms/MacOSX.platform/Developer/SDKs/MacOSX11.1.sdk/System/iOSSupport/System/Library/Frameworks/WebKit.framework; sourceTree = DEVELOPER_DIR; };
		A4D01F9F11D02C4E478E68EC /* Pods-QonversionTests.release.xcconfig */ = {isa = PBXFileReference; includeInIndex = 1; lastKnownFileType = text.xcconfig; name = "Pods-QonversionTests.release.xcconfig"; path = "Target Support Files/Pods-QonversionTests/Pods-QonversionTests.release.xcconfig"; sourceTree = "<group>"; };
		B1A31ADE42696EFF41853760 /* Pods_QonversionTests.framework */ = {isa = PBXFileReference; explicitFileType = wrapper.framework; includeInIndex = 0; path = Pods_QonversionTests.framework; sourceTree = BUILT_PRODUCTS_DIR; };
		C49A7C36E2D376FDC85E470B /* Pods-Sample.release.xcconfig */ = {isa = PBXFileReference; includeInIndex = 1; lastKnownFileType = text.xcconfig; name = "Pods-Sample.release.xcconfig"; path = "Target Support Files/Pods-Sample/Pods-Sample.release.xcconfig"; sourceTree = "<group>"; };
		E902AE0A2A73461C22DE146A /* Pods_Sample.framework */ = {isa = PBXFileReference; explicitFileType = wrapper.framework; includeInIndex = 0; path = Pods_Sample.framework; sourceTree = BUILT_PRODUCTS_DIR; };
/* End PBXFileReference section */

/* Begin PBXFrameworksBuildPhase section */
		454EF63924E5CC580070581E /* Frameworks */ = {
			isa = PBXFrameworksBuildPhase;
			buildActionMask = 2147483647;
			files = (
				45754AE725814C7500FCA376 /* iAd.framework in Frameworks */,
				891ECE0B2773614600DF6A56 /* AdServices.framework in Frameworks */,
				A2649CD29A7FDF280A2EC27C /* Pods_Sample.framework in Frameworks */,
			);
			runOnlyForDeploymentPostprocessing = 0;
		};
/* End PBXFrameworksBuildPhase section */

/* Begin PBXGroup section */
		447A040961B196621A548033 /* Pods */ = {
			isa = PBXGroup;
			children = (
				A4D01F9F11D02C4E478E68EC /* Pods-QonversionTests.release.xcconfig */,
				13844A737C5779AEEAD10EB9 /* Pods-Sample.debug.xcconfig */,
				C49A7C36E2D376FDC85E470B /* Pods-Sample.release.xcconfig */,
				420D8FEF3C704502C737C449 /* Pods-QonversionTests.debug.xcconfig */,
			);
			path = Pods;
			sourceTree = "<group>";
		};
		454EF63D24E5CC580070581E /* Sample */ = {
			isa = PBXGroup;
			children = (
				456215C8257D6AF800548A3D /* Sample.entitlements */,
				454EF63E24E5CC580070581E /* AppDelegate.swift */,
				454EF64224E5CC590070581E /* ViewController.swift */,
				454EF64424E5CC590070581E /* Main.storyboard */,
				454EF64724E5CC5A0070581E /* Assets.xcassets */,
				454EF64924E5CC5A0070581E /* LaunchScreen.storyboard */,
				454EF64C24E5CC5A0070581E /* Info.plist */,
				894278812759334D00A8A6EC /* GoogleService-Info.plist */,
			);
			path = Sample;
			sourceTree = "<group>";
		};
		459DAB5F243E329F0011ECF3 = {
			isa = PBXGroup;
			children = (
				70D9CBDC2B0240BC003F1878 /* Podfile */,
				454EF63D24E5CC580070581E /* Sample */,
				459DAB6A243E329F0011ECF3 /* Products */,
				447A040961B196621A548033 /* Pods */,
				BB6B3C9FD9EFBC9E1604507D /* Frameworks */,
				70523C8D29F2853F009F01D2 /* Recovered References */,
			);
			indentWidth = 2;
			sourceTree = "<group>";
			tabWidth = 2;
		};
		459DAB6A243E329F0011ECF3 /* Products */ = {
			isa = PBXGroup;
			children = (
				454EF63C24E5CC580070581E /* Sample.app */,
			);
			name = Products;
			sourceTree = "<group>";
		};
		70523C8D29F2853F009F01D2 /* Recovered References */ = {
			isa = PBXGroup;
			children = (
				7052136F29F1807A00164AAF /* PurchasesMapper.swift */,
			);
			name = "Recovered References";
			sourceTree = "<group>";
		};
		BB6B3C9FD9EFBC9E1604507D /* Frameworks */ = {
			isa = PBXGroup;
			children = (
				894278832759351C00A8A6EC /* GoogleSignIn.framework */,
				891ECE0927734B8900DF6A56 /* AdServices.framework */,
				89713B4A25C1BA1F00A2448E /* WebKit.framework */,
				89713B4625C1B95700A2448E /* UIKit.framework */,
				45754AE625814C7500FCA376 /* iAd.framework */,
				4502E451257FDF5E006FC750 /* OCMock.framework */,
				4502E457257FDF90006FC750 /* OCMock.framework */,
				B1A31ADE42696EFF41853760 /* Pods_QonversionTests.framework */,
				E902AE0A2A73461C22DE146A /* Pods_Sample.framework */,
			);
			name = Frameworks;
			sourceTree = "<group>";
		};
/* End PBXGroup section */

/* Begin PBXNativeTarget section */
		454EF63B24E5CC580070581E /* Sample */ = {
			isa = PBXNativeTarget;
			buildConfigurationList = 454EF64F24E5CC5A0070581E /* Build configuration list for PBXNativeTarget "Sample" */;
			buildPhases = (
				2D20E4B12015FB0E0B470774 /* [CP] Check Pods Manifest.lock */,
				454EF63824E5CC580070581E /* Sources */,
				454EF63924E5CC580070581E /* Frameworks */,
				454EF63A24E5CC580070581E /* Resources */,
				895733BB26DFDD6C009507A6 /* Embed Frameworks */,
			);
			buildRules = (
			);
			dependencies = (
			);
			name = Sample;
			productName = Sample;
			productReference = 454EF63C24E5CC580070581E /* Sample.app */;
			productType = "com.apple.product-type.application";
		};
/* End PBXNativeTarget section */

/* Begin PBXProject section */
		459DAB60243E329F0011ECF3 /* Project object */ = {
			isa = PBXProject;
			attributes = {
				LastSwiftUpdateCheck = 1250;
				LastUpgradeCheck = 1400;
				ORGANIZATIONNAME = "Qonversion Inc.";
				TargetAttributes = {
					454EF63B24E5CC580070581E = {
						CreatedOnToolsVersion = 11.5;
						LastSwiftMigration = 1430;
					};
				};
			};
			buildConfigurationList = 459DAB63243E329F0011ECF3 /* Build configuration list for PBXProject "Qonversion" */;
			compatibilityVersion = "Xcode 9.3";
			developmentRegion = en;
			hasScannedForEncodings = 0;
			knownRegions = (
				en,
				Base,
			);
			mainGroup = 459DAB5F243E329F0011ECF3;
			productRefGroup = 459DAB6A243E329F0011ECF3 /* Products */;
			projectDirPath = "";
			projectRoot = "";
			targets = (
				454EF63B24E5CC580070581E /* Sample */,
			);
		};
/* End PBXProject section */

/* Begin PBXResourcesBuildPhase section */
		454EF63A24E5CC580070581E /* Resources */ = {
			isa = PBXResourcesBuildPhase;
			buildActionMask = 2147483647;
			files = (
				70D9CBDD2B0240BC003F1878 /* Podfile in Resources */,
				454EF64B24E5CC5A0070581E /* LaunchScreen.storyboard in Resources */,
				894278822759334D00A8A6EC /* GoogleService-Info.plist in Resources */,
				454EF64824E5CC5A0070581E /* Assets.xcassets in Resources */,
				454EF64624E5CC590070581E /* Main.storyboard in Resources */,
			);
			runOnlyForDeploymentPostprocessing = 0;
		};
/* End PBXResourcesBuildPhase section */

/* Begin PBXShellScriptBuildPhase section */
		2D20E4B12015FB0E0B470774 /* [CP] Check Pods Manifest.lock */ = {
			isa = PBXShellScriptBuildPhase;
			buildActionMask = 2147483647;
			files = (
			);
			inputFileListPaths = (
			);
			inputPaths = (
				"${PODS_PODFILE_DIR_PATH}/Podfile.lock",
				"${PODS_ROOT}/Manifest.lock",
			);
			name = "[CP] Check Pods Manifest.lock";
			outputFileListPaths = (
			);
			outputPaths = (
				"$(DERIVED_FILE_DIR)/Pods-Sample-checkManifestLockResult.txt",
			);
			runOnlyForDeploymentPostprocessing = 0;
			shellPath = /bin/sh;
			shellScript = "diff \"${PODS_PODFILE_DIR_PATH}/Podfile.lock\" \"${PODS_ROOT}/Manifest.lock\" > /dev/null\nif [ $? != 0 ] ; then\n    # print error to STDERR\n    echo \"error: The sandbox is not in sync with the Podfile.lock. Run 'pod install' or update your CocoaPods installation.\" >&2\n    exit 1\nfi\n# This output is used by Xcode 'outputs' to avoid re-running this script phase.\necho \"SUCCESS\" > \"${SCRIPT_OUTPUT_FILE_0}\"\n";
			showEnvVarsInLog = 0;
		};
/* End PBXShellScriptBuildPhase section */

/* Begin PBXSourcesBuildPhase section */
		454EF63824E5CC580070581E /* Sources */ = {
			isa = PBXSourcesBuildPhase;
			buildActionMask = 2147483647;
			files = (
				454EF64324E5CC590070581E /* ViewController.swift in Sources */,
				454EF63F24E5CC580070581E /* AppDelegate.swift in Sources */,
			);
			runOnlyForDeploymentPostprocessing = 0;
		};
/* End PBXSourcesBuildPhase section */

/* Begin PBXVariantGroup section */
		454EF64424E5CC590070581E /* Main.storyboard */ = {
			isa = PBXVariantGroup;
			children = (
				454EF64524E5CC590070581E /* Base */,
			);
			name = Main.storyboard;
			sourceTree = "<group>";
		};
		454EF64924E5CC5A0070581E /* LaunchScreen.storyboard */ = {
			isa = PBXVariantGroup;
			children = (
				454EF64A24E5CC5A0070581E /* Base */,
			);
			name = LaunchScreen.storyboard;
			sourceTree = "<group>";
		};
/* End PBXVariantGroup section */

/* Begin XCBuildConfiguration section */
		454EF64D24E5CC5A0070581E /* Debug */ = {
			isa = XCBuildConfiguration;
			baseConfigurationReference = 13844A737C5779AEEAD10EB9 /* Pods-Sample.debug.xcconfig */;
			buildSettings = {
				ALWAYS_EMBED_SWIFT_STANDARD_LIBRARIES = YES;
				ALWAYS_SEARCH_USER_PATHS = NO;
				ASSETCATALOG_COMPILER_APPICON_NAME = AppIcon;
				CLANG_ENABLE_MODULES = YES;
				CODE_SIGN_ENTITLEMENTS = Sample/Sample.entitlements;
				CODE_SIGN_STYLE = Automatic;
				DEVELOPMENT_TEAM = MTVL2X9L7N;
				FRAMEWORK_SEARCH_PATHS = "$(inherited)";
				HEADER_SEARCH_PATHS = (
					"$(inherited)",
					"\"${PODS_ROOT}/Headers/Public\"",
					"\"${PODS_ROOT}/Headers/Public/OCMock\"",
				);
				INFOPLIST_FILE = Sample/Info.plist;
				IPHONEOS_DEPLOYMENT_TARGET = 13.0;
				LD_RUNPATH_SEARCH_PATHS = (
					"$(inherited)",
					"@executable_path/Frameworks",
				);
				MARKETING_VERSION = 1.0.0;
				PRODUCT_BUNDLE_IDENTIFIER = com.qonversion.sample;
				PRODUCT_NAME = "$(TARGET_NAME)";
				SUPPORTS_MACCATALYST = YES;
				SWIFT_ACTIVE_COMPILATION_CONDITIONS = DEBUG;
				SWIFT_INCLUDE_PATHS = "$(SRCROOT)";
				SWIFT_OBJC_BRIDGING_HEADER = "";
				SWIFT_OPTIMIZATION_LEVEL = "-Onone";
				SWIFT_VERSION = 5.0;
				TARGETED_DEVICE_FAMILY = "1,2";
				USE_HEADERMAP = YES;
			};
			name = Debug;
		};
		454EF64E24E5CC5A0070581E /* Release */ = {
			isa = XCBuildConfiguration;
			baseConfigurationReference = C49A7C36E2D376FDC85E470B /* Pods-Sample.release.xcconfig */;
			buildSettings = {
				ALWAYS_EMBED_SWIFT_STANDARD_LIBRARIES = YES;
				ALWAYS_SEARCH_USER_PATHS = NO;
				ASSETCATALOG_COMPILER_APPICON_NAME = AppIcon;
				CLANG_ENABLE_MODULES = YES;
				CODE_SIGN_ENTITLEMENTS = Sample/Sample.entitlements;
				CODE_SIGN_STYLE = Automatic;
				DEVELOPMENT_TEAM = MTVL2X9L7N;
				FRAMEWORK_SEARCH_PATHS = "$(inherited)";
				HEADER_SEARCH_PATHS = (
					"$(inherited)",
					"\"${PODS_ROOT}/Headers/Public\"",
					"\"${PODS_ROOT}/Headers/Public/OCMock\"",
				);
				INFOPLIST_FILE = Sample/Info.plist;
				IPHONEOS_DEPLOYMENT_TARGET = 13.0;
				LD_RUNPATH_SEARCH_PATHS = (
					"$(inherited)",
					"@executable_path/Frameworks",
				);
				MARKETING_VERSION = 1.0.0;
				PRODUCT_BUNDLE_IDENTIFIER = com.qonversion.sample;
				PRODUCT_NAME = "$(TARGET_NAME)";
				SUPPORTS_MACCATALYST = YES;
				SWIFT_COMPILATION_MODE = wholemodule;
				SWIFT_INCLUDE_PATHS = "$(SRCROOT)";
				SWIFT_OBJC_BRIDGING_HEADER = "";
				SWIFT_OPTIMIZATION_LEVEL = "-O";
				SWIFT_VERSION = 5.0;
				TARGETED_DEVICE_FAMILY = "1,2";
				USE_HEADERMAP = YES;
			};
			name = Release;
		};
		459DAB7B243E329F0011ECF3 /* Debug */ = {
			isa = XCBuildConfiguration;
			buildSettings = {
				ALWAYS_SEARCH_USER_PATHS = NO;
				CLANG_ANALYZER_NONNULL = YES;
				CLANG_ANALYZER_NUMBER_OBJECT_CONVERSION = YES_AGGRESSIVE;
				CLANG_CXX_LANGUAGE_STANDARD = "gnu++14";
				CLANG_CXX_LIBRARY = "libc++";
				CLANG_ENABLE_MODULES = YES;
				CLANG_ENABLE_OBJC_ARC = YES;
				CLANG_ENABLE_OBJC_WEAK = YES;
				CLANG_WARN_BLOCK_CAPTURE_AUTORELEASING = YES;
				CLANG_WARN_BOOL_CONVERSION = YES;
				CLANG_WARN_COMMA = YES;
				CLANG_WARN_CONSTANT_CONVERSION = YES;
				CLANG_WARN_DEPRECATED_OBJC_IMPLEMENTATIONS = YES;
				CLANG_WARN_DIRECT_OBJC_ISA_USAGE = YES_ERROR;
				CLANG_WARN_DOCUMENTATION_COMMENTS = YES;
				CLANG_WARN_EMPTY_BODY = YES;
				CLANG_WARN_ENUM_CONVERSION = YES;
				CLANG_WARN_INFINITE_RECURSION = YES;
				CLANG_WARN_INT_CONVERSION = YES;
				CLANG_WARN_NON_LITERAL_NULL_CONVERSION = YES;
				CLANG_WARN_OBJC_IMPLICIT_RETAIN_SELF = YES;
				CLANG_WARN_OBJC_LITERAL_CONVERSION = YES;
				CLANG_WARN_OBJC_ROOT_CLASS = YES_ERROR;
				CLANG_WARN_QUOTED_INCLUDE_IN_FRAMEWORK_HEADER = YES;
				CLANG_WARN_RANGE_LOOP_ANALYSIS = YES;
				CLANG_WARN_STRICT_PROTOTYPES = YES;
				CLANG_WARN_SUSPICIOUS_MOVE = YES;
				CLANG_WARN_UNGUARDED_AVAILABILITY = YES_AGGRESSIVE;
				CLANG_WARN_UNREACHABLE_CODE = YES;
				CLANG_WARN__DUPLICATE_METHOD_MATCH = YES;
				COPY_PHASE_STRIP = NO;
				CURRENT_PROJECT_VERSION = 1;
				DEBUG_INFORMATION_FORMAT = dwarf;
				ENABLE_STRICT_OBJC_MSGSEND = YES;
				ENABLE_TESTABILITY = YES;
				GCC_C_LANGUAGE_STANDARD = gnu11;
				GCC_DYNAMIC_NO_PIC = NO;
				GCC_NO_COMMON_BLOCKS = YES;
				GCC_OPTIMIZATION_LEVEL = 0;
				GCC_PREPROCESSOR_DEFINITIONS = (
					"DEBUG=1",
					"$(inherited)",
				);
				GCC_WARN_64_TO_32_BIT_CONVERSION = YES;
				GCC_WARN_ABOUT_RETURN_TYPE = YES_ERROR;
				GCC_WARN_UNDECLARED_SELECTOR = YES;
				GCC_WARN_UNINITIALIZED_AUTOS = YES_AGGRESSIVE;
				GCC_WARN_UNUSED_FUNCTION = YES;
				GCC_WARN_UNUSED_VARIABLE = YES;
				IPHONEOS_DEPLOYMENT_TARGET = 13.0;
				MTL_ENABLE_DEBUG_INFO = INCLUDE_SOURCE;
				MTL_FAST_MATH = YES;
				ONLY_ACTIVE_ARCH = YES;
				SDKROOT = iphoneos;
				VERSIONING_SYSTEM = "apple-generic";
				VERSION_INFO_PREFIX = "";
			};
			name = Debug;
		};
		459DAB7C243E329F0011ECF3 /* Release */ = {
			isa = XCBuildConfiguration;
			buildSettings = {
				ALWAYS_SEARCH_USER_PATHS = NO;
				CLANG_ANALYZER_NONNULL = YES;
				CLANG_ANALYZER_NUMBER_OBJECT_CONVERSION = YES_AGGRESSIVE;
				CLANG_CXX_LANGUAGE_STANDARD = "gnu++14";
				CLANG_CXX_LIBRARY = "libc++";
				CLANG_ENABLE_MODULES = YES;
				CLANG_ENABLE_OBJC_ARC = YES;
				CLANG_ENABLE_OBJC_WEAK = YES;
				CLANG_WARN_BLOCK_CAPTURE_AUTORELEASING = YES;
				CLANG_WARN_BOOL_CONVERSION = YES;
				CLANG_WARN_COMMA = YES;
				CLANG_WARN_CONSTANT_CONVERSION = YES;
				CLANG_WARN_DEPRECATED_OBJC_IMPLEMENTATIONS = YES;
				CLANG_WARN_DIRECT_OBJC_ISA_USAGE = YES_ERROR;
				CLANG_WARN_DOCUMENTATION_COMMENTS = YES;
				CLANG_WARN_EMPTY_BODY = YES;
				CLANG_WARN_ENUM_CONVERSION = YES;
				CLANG_WARN_INFINITE_RECURSION = YES;
				CLANG_WARN_INT_CONVERSION = YES;
				CLANG_WARN_NON_LITERAL_NULL_CONVERSION = YES;
				CLANG_WARN_OBJC_IMPLICIT_RETAIN_SELF = YES;
				CLANG_WARN_OBJC_LITERAL_CONVERSION = YES;
				CLANG_WARN_OBJC_ROOT_CLASS = YES_ERROR;
				CLANG_WARN_QUOTED_INCLUDE_IN_FRAMEWORK_HEADER = YES;
				CLANG_WARN_RANGE_LOOP_ANALYSIS = YES;
				CLANG_WARN_STRICT_PROTOTYPES = YES;
				CLANG_WARN_SUSPICIOUS_MOVE = YES;
				CLANG_WARN_UNGUARDED_AVAILABILITY = YES_AGGRESSIVE;
				CLANG_WARN_UNREACHABLE_CODE = YES;
				CLANG_WARN__DUPLICATE_METHOD_MATCH = YES;
				COPY_PHASE_STRIP = NO;
				CURRENT_PROJECT_VERSION = 1;
				DEBUG_INFORMATION_FORMAT = "dwarf-with-dsym";
				ENABLE_NS_ASSERTIONS = NO;
				ENABLE_STRICT_OBJC_MSGSEND = YES;
				GCC_C_LANGUAGE_STANDARD = gnu11;
				GCC_NO_COMMON_BLOCKS = YES;
				GCC_WARN_64_TO_32_BIT_CONVERSION = YES;
				GCC_WARN_ABOUT_RETURN_TYPE = YES_ERROR;
				GCC_WARN_UNDECLARED_SELECTOR = YES;
				GCC_WARN_UNINITIALIZED_AUTOS = YES_AGGRESSIVE;
				GCC_WARN_UNUSED_FUNCTION = YES;
				GCC_WARN_UNUSED_VARIABLE = YES;
				IPHONEOS_DEPLOYMENT_TARGET = 13.0;
				MTL_ENABLE_DEBUG_INFO = NO;
				MTL_FAST_MATH = YES;
				SDKROOT = iphoneos;
				SWIFT_COMPILATION_MODE = wholemodule;
				VALIDATE_PRODUCT = YES;
				VERSIONING_SYSTEM = "apple-generic";
				VERSION_INFO_PREFIX = "";
			};
			name = Release;
		};
/* End XCBuildConfiguration section */

/* Begin XCConfigurationList section */
		454EF64F24E5CC5A0070581E /* Build configuration list for PBXNativeTarget "Sample" */ = {
			isa = XCConfigurationList;
			buildConfigurations = (
				454EF64D24E5CC5A0070581E /* Debug */,
				454EF64E24E5CC5A0070581E /* Release */,
			);
			defaultConfigurationIsVisible = 0;
			defaultConfigurationName = Release;
		};
		459DAB63243E329F0011ECF3 /* Build configuration list for PBXProject "Qonversion" */ = {
			isa = XCConfigurationList;
			buildConfigurations = (
				459DAB7B243E329F0011ECF3 /* Debug */,
				459DAB7C243E329F0011ECF3 /* Release */,
			);
			defaultConfigurationIsVisible = 0;
			defaultConfigurationName = Release;
		};
/* End XCConfigurationList section */
	};
	rootObject = 459DAB60243E329F0011ECF3 /* Project object */;
}
